{
  "version": 4,
  "terraform_version": "1.9.1",
  "serial": 120,
  "lineage": "ad1ca292-e34f-6321-dbaa-92794f65b924",
  "outputs": {},
  "resources": [
    {
      "mode": "data",
      "type": "aws_acm_certificate",
      "name": "kunlabora_ninja",
      "provider": "provider[\"registry.terraform.io/hashicorp/aws\"]",
      "instances": [
        {
          "schema_version": 0,
          "attributes": {
            "arn": "arn:aws:acm:eu-central-1:812958718504:certificate/e3f85ec5-73b5-4256-908a-3753c654cf2e",
            "certificate": "-----BEGIN CERTIFICATE-----\nMIIF3jCCBMagAwIBAgIQD3cstLL9M8QrPYtbxUAHrDANBgkqhkiG9w0BAQsFADA8\nMQswCQYDVQQGEwJVUzEPMA0GA1UEChMGQW1hem9uMRwwGgYDVQQDExNBbWF6b24g\nUlNBIDIwNDggTTAyMB4XDTI0MDcyNDAwMDAwMFoXDTI1MDgyMjIzNTk1OVowGjEY\nMBYGA1UEAxMPa3VubGFib3JhLm5pbmphMIIBIjANBgkqhkiG9w0BAQEFAAOCAQ8A\nMIIBCgKCAQEAtA/1Uy9zcyNgPKOD1by2Yg8ARXV3b8yNacTIjPJZZrbrg3mlbOCr\noWYGixP8GBpg2MdZ6muzc4ipMjVAu47KMnJcZpYaonrbngNvmyXKKk1+ou5jFV0R\ncdROpPjPX9p8hK7P9+Acd9U1uxsArbPvMolCKqI9bS02oJBJJUA6zXeO7RZrmj26\nfFlb7eoKTYHFsXTMo02MSHRrmGcYwn3JTrs7g+ZZgS0o3i8dR2K4JOChmWOgR3uX\nQ7Kf0ltG41iMcJcyhJ8KqgWVi3K74k8YpCVcWTthzjwo64ZDzHW+7zf4u8Bp0rtK\nbHDy3PT9l1xt6BWYtNAKHpnUcu0gxhqdMwIDAQABo4IC/DCCAvgwHwYDVR0jBBgw\nFoAUwDFSzVpQw4J8dHHOy+mc+XrrguIwHQYDVR0OBBYEFEiiiQgdaM1njpMJCj/a\n4IIR5GOXMC0GA1UdEQQmMCSCD2t1bmxhYm9yYS5uaW5qYYIRKi5rdW5sYWJvcmEu\nbmluamEwEwYDVR0gBAwwCjAIBgZngQwBAgEwDgYDVR0PAQH/BAQDAgWgMB0GA1Ud\nJQQWMBQGCCsGAQUFBwMBBggrBgEFBQcDAjA7BgNVHR8ENDAyMDCgLqAshipodHRw\nOi8vY3JsLnIybTAyLmFtYXpvbnRydXN0LmNvbS9yMm0wMi5jcmwwdQYIKwYBBQUH\nAQEEaTBnMC0GCCsGAQUFBzABhiFodHRwOi8vb2NzcC5yMm0wMi5hbWF6b250cnVz\ndC5jb20wNgYIKwYBBQUHMAKGKmh0dHA6Ly9jcnQucjJtMDIuYW1hem9udHJ1c3Qu\nY29tL3IybTAyLmNlcjAMBgNVHRMBAf8EAjAAMIIBfwYKKwYBBAHWeQIEAgSCAW8E\nggFrAWkAdgDd3Mo0ldfhFgXnlTL6x5/4PRxQ39sAOhQSdgosrLvIKgAAAZDl/8Nn\nAAAEAwBHMEUCIQDdxcm70apLgAt6UdloOR1gyFoiZ41PNCJQ2wInzuu7/QIgK9gy\n7+s0y09/rYT5xXgKf1GoDBOODmlcguOGPDa3oPgAdgB9WR4S4XgqexxhZ3xe/fjQ\nh1wUoE6VnrkDL9kOjC55uAAAAZDl/8MnAAAEAwBHMEUCIQCfuzBb2Ix9/WTWcATE\n3hUjlRtcCYnCO77fo//5UT82NgIgK9TiT3U/5pJSo/CbVOWgQs5zly/EWhVBgovS\nCOHW19kAdwDm0jFjQHeMwRBBBtdxuc7B0kD2loSG+7qHMh39HjeOUAAAAZDl/8M7\nAAAEAwBIMEYCIQD/t3OOdLKGsIkD2howm2sKOONHGF8XH+jndlHlnD7r6QIhAJWL\nbfkltqItBtK9PI52XQikSJG0f1/VxkMJv3sBVbQuMA0GCSqGSIb3DQEBCwUAA4IB\nAQBq4iyL6UygURfHUCysVOqYI9Ns8biVGiMY25UTjfnBXkWvIRoDlo7oxf+MapUb\nFKGvxvFzneJ/E8MQV/f4VpRAJ8PXWICGm7pXQ5y7VfWvnv3F84/aAEbGDqrQlvWG\ncLadYGqRB6mkJ6vS4/sViff5WHeIGkC7MR/YuMnxSF7e31lHxbQJ+bnx+hVaLcov\nhz33E2lHID5kbM2YaVgsMqUR4OmVwzqGiYhuLPf9C8eQ5LQPvzXM32dm9dNS2Oso\ni2oGUqW7Fcz/Jf1sgBnKf81TM8ZAMVOv7LyKBMUL8WeJqBnCyZ5Fi7rgdO1yF7i0\nbvpHeTBej7AW2gUVRYC2BFvW\n-----END CERTIFICATE-----\n",
            "certificate_chain": "-----BEGIN CERTIFICATE-----\nMIIEXjCCA0agAwIBAgITB3MSSkvL1E7HtTvq8ZSELToPoTANBgkqhkiG9w0BAQsF\nADA5MQswCQYDVQQGEwJVUzEPMA0GA1UEChMGQW1hem9uMRkwFwYDVQQDExBBbWF6\nb24gUm9vdCBDQSAxMB4XDTIyMDgyMzIyMjUzMFoXDTMwMDgyMzIyMjUzMFowPDEL\nMAkGA1UEBhMCVVMxDzANBgNVBAoTBkFtYXpvbjEcMBoGA1UEAxMTQW1hem9uIFJT\nQSAyMDQ4IE0wMjCCASIwDQYJKoZIhvcNAQEBBQADggEPADCCAQoCggEBALtDGMZa\nqHneKei1by6+pUPPLljTB143Si6VpEWPc6mSkFhZb/6qrkZyoHlQLbDYnI2D7hD0\nsdzEqfnuAjIsuXQLG3A8TvX6V3oFNBFVe8NlLJHvBseKY88saLwufxkZVwk74g4n\nWlNMXzla9Y5F3wwRHwMVH443xGz6UtGSZSqQ94eFx5X7Tlqt8whi8qCaKdZ5rNak\n+r9nUThOeClqFd4oXych//Rc7Y0eX1KNWHYSI1Nk31mYgiK3JvH063g+K9tHA63Z\neTgKgndlh+WI+zv7i44HepRZjA1FYwYZ9Vv/9UkC5Yz8/yU65fgjaE+wVHM4e/Yy\nC2osrPWE7gJ+dXMCAwEAAaOCAVowggFWMBIGA1UdEwEB/wQIMAYBAf8CAQAwDgYD\nVR0PAQH/BAQDAgGGMB0GA1UdJQQWMBQGCCsGAQUFBwMBBggrBgEFBQcDAjAdBgNV\nHQ4EFgQUwDFSzVpQw4J8dHHOy+mc+XrrguIwHwYDVR0jBBgwFoAUhBjMhTTsvAyU\nlC4IWZzHshBOCggwewYIKwYBBQUHAQEEbzBtMC8GCCsGAQUFBzABhiNodHRwOi8v\nb2NzcC5yb290Y2ExLmFtYXpvbnRydXN0LmNvbTA6BggrBgEFBQcwAoYuaHR0cDov\nL2NydC5yb290Y2ExLmFtYXpvbnRydXN0LmNvbS9yb290Y2ExLmNlcjA/BgNVHR8E\nODA2MDSgMqAwhi5odHRwOi8vY3JsLnJvb3RjYTEuYW1hem9udHJ1c3QuY29tL3Jv\nb3RjYTEuY3JsMBMGA1UdIAQMMAowCAYGZ4EMAQIBMA0GCSqGSIb3DQEBCwUAA4IB\nAQAtTi6Fs0Azfi+iwm7jrz+CSxHH+uHl7Law3MQSXVtR8RV53PtR6r/6gNpqlzdo\nZq4FKbADi1v9Bun8RY8D51uedRfjsbeodizeBB8nXmeyD33Ep7VATj4ozcd31YFV\nfgRhvTSxNrrTlNpWkUk0m3BMPv8sg381HhA6uEYokE5q9uws/3YkKqRiEz3TsaWm\nJqIRZhMbgAfp7O7FUwFIb7UIspogZSKxPIWJpxiPo3TcBambbVtQOcNRWz5qCQdD\nslI2yayq0n2TXoHyNCLEH8rpsJRVILFsg0jc7BaFrMnF462+ajSehgj12IidNeRN\n4zl+EoNaWdpnWndvSpAEkq2P\n-----END CERTIFICATE-----\n-----BEGIN CERTIFICATE-----\nMIIEkjCCA3qgAwIBAgITBn+USionzfP6wq4rAfkI7rnExjANBgkqhkiG9w0BAQsF\nADCBmDELMAkGA1UEBhMCVVMxEDAOBgNVBAgTB0FyaXpvbmExEzARBgNVBAcTClNj\nb3R0c2RhbGUxJTAjBgNVBAoTHFN0YXJmaWVsZCBUZWNobm9sb2dpZXMsIEluYy4x\nOzA5BgNVBAMTMlN0YXJmaWVsZCBTZXJ2aWNlcyBSb290IENlcnRpZmljYXRlIEF1\ndGhvcml0eSAtIEcyMB4XDTE1MDUyNTEyMDAwMFoXDTM3MTIzMTAxMDAwMFowOTEL\nMAkGA1UEBhMCVVMxDzANBgNVBAoTBkFtYXpvbjEZMBcGA1UEAxMQQW1hem9uIFJv\nb3QgQ0EgMTCCASIwDQYJKoZIhvcNAQEBBQADggEPADCCAQoCggEBALJ4gHHKeNXj\nca9HgFB0fW7Y14h29Jlo91ghYPl0hAEvrAIthtOgQ3pOsqTQNroBvo3bSMgHFzZM\n9O6II8c+6zf1tRn4SWiw3te5djgdYZ6k/oI2peVKVuRF4fn9tBb6dNqcmzU5L/qw\nIFAGbHrQgLKm+a/sRxmPUDgH3KKHOVj4utWp+UhnMJbulHheb4mjUcAwhmahRWa6\nVOujw5H5SNz/0egwLX0tdHA114gk957EWW67c4cX8jJGKLhD+rcdqsq08p8kDi1L\n93FcXmn/6pUCyziKrlA4b9v7LWIbxcceVOF34GfID5yHI9Y/QCB/IIDEgEw+OyQm\njgSubJrIqg0CAwEAAaOCATEwggEtMA8GA1UdEwEB/wQFMAMBAf8wDgYDVR0PAQH/\nBAQDAgGGMB0GA1UdDgQWBBSEGMyFNOy8DJSULghZnMeyEE4KCDAfBgNVHSMEGDAW\ngBScXwDfqgHXMCs4iKK4bUqc8hGRgzB4BggrBgEFBQcBAQRsMGowLgYIKwYBBQUH\nMAGGImh0dHA6Ly9vY3NwLnJvb3RnMi5hbWF6b250cnVzdC5jb20wOAYIKwYBBQUH\nMAKGLGh0dHA6Ly9jcnQucm9vdGcyLmFtYXpvbnRydXN0LmNvbS9yb290ZzIuY2Vy\nMD0GA1UdHwQ2MDQwMqAwoC6GLGh0dHA6Ly9jcmwucm9vdGcyLmFtYXpvbnRydXN0\nLmNvbS9yb290ZzIuY3JsMBEGA1UdIAQKMAgwBgYEVR0gADANBgkqhkiG9w0BAQsF\nAAOCAQEAYjdCXLwQtT6LLOkMm2xF4gcAevnFWAu5CIw+7bMlPLVvUOTNNWqnkzSW\nMiGpSESrnO09tKpzbeR/FoCJbM8oAxiDR3mjEH4wW6w7sGDgd9QIpuEdfF7Au/ma\neyKdpwAJfqxGF4PcnCZXmTA5YpaP7dreqsXMGz7KQ2hsVxa81Q4gLv7/wmpdLqBK\nbRRYh5TmOTFffHPLkIhqhBGWJ6bt2YFGpn6jcgAKUj6DiAdjd4lpFw85hdKrCEVN\n0FE6/V1dN2RMfjCyVSRCnTawXZwXgWHxyvkQAiSr6w10kY17RSlQOYiypok1JR4U\nakcjMS9cmvqtmg5iUaQqqcT5NJ0hGA==\n-----END CERTIFICATE-----\n-----BEGIN CERTIFICATE-----\nMIIEdTCCA12gAwIBAgIJAKcOSkw0grd/MA0GCSqGSIb3DQEBCwUAMGgxCzAJBgNV\nBAYTAlVTMSUwIwYDVQQKExxTdGFyZmllbGQgVGVjaG5vbG9naWVzLCBJbmMuMTIw\nMAYDVQQLEylTdGFyZmllbGQgQ2xhc3MgMiBDZXJ0aWZpY2F0aW9uIEF1dGhvcml0\neTAeFw0wOTA5MDIwMDAwMDBaFw0zNDA2MjgxNzM5MTZaMIGYMQswCQYDVQQGEwJV\nUzEQMA4GA1UECBMHQXJpem9uYTETMBEGA1UEBxMKU2NvdHRzZGFsZTElMCMGA1UE\nChMcU3RhcmZpZWxkIFRlY2hub2xvZ2llcywgSW5jLjE7MDkGA1UEAxMyU3RhcmZp\nZWxkIFNlcnZpY2VzIFJvb3QgQ2VydGlmaWNhdGUgQXV0aG9yaXR5IC0gRzIwggEi\nMA0GCSqGSIb3DQEBAQUAA4IBDwAwggEKAoIBAQDVDDrEKvlO4vW+GZdfjohTsR8/\ny8+fIBNtKTrID30892t2OGPZNmCom15cAICyL1l/9of5JUOG52kbUpqQ4XHj2C0N\nTm/2yEnZtvMaVq4rtnQU68/7JuMauh2WLmo7WJSJR1b/JaCTcFOD2oR0FMNnngRo\nOt+OQFodSk7PQ5E751bWAHDLUu57fa4657wx+UX2wmDPE1kCK4DMNEffud6QZW0C\nzyyRpqbn3oUYSXxmTqM6bam17jQuug0DuDPfR+uxa40l2ZvOgdFFRjKWcIfeAg5J\nQ4W2bHO7ZOphQazJ1FTfhy/HIrImzJ9ZVGif/L4qL8RVHHVAYBeFAlU5i38FAgMB\nAAGjgfAwge0wDwYDVR0TAQH/BAUwAwEB/zAOBgNVHQ8BAf8EBAMCAYYwHQYDVR0O\nBBYEFJxfAN+qAdcwKziIorhtSpzyEZGDMB8GA1UdIwQYMBaAFL9ft9HO3R+G9FtV\nrNzXEMIOqYjnME8GCCsGAQUFBwEBBEMwQTAcBggrBgEFBQcwAYYQaHR0cDovL28u\nc3MyLnVzLzAhBggrBgEFBQcwAoYVaHR0cDovL3guc3MyLnVzL3guY2VyMCYGA1Ud\nHwQfMB0wG6AZoBeGFWh0dHA6Ly9zLnNzMi51cy9yLmNybDARBgNVHSAECjAIMAYG\nBFUdIAAwDQYJKoZIhvcNAQELBQADggEBACMd44pXyn3pF3lM8R5V/cxTbj5HD9/G\nVfKyBDbtgB9TxF00KGu+x1X8Z+rLP3+QsjPNG1gQggL4+C/1E2DUBc7xgQjB3ad1\nl08YuW3e95ORCLp+QCztweq7dp4zBncdDQh/U90bZKuCJ/Fp1U1ervShw3WnWEQt\n8jxwmKy6abaVd38PMV4s/KCHOkdp8Hlf9BRUpJVeEXgSYCfOn8J3/yNTd126/+pZ\n59vPr5KW7ySaNRB6nJHGDn2Z9j8Z3/VyVOEVqQdZe4O/Ui5GjLIAZHYcSNPYeehu\nVsyuLAOQ1xk4meTKCRlb/weWsKh/NEnfVqn3sF/tM+2MR7cwA130A4w=\n-----END CERTIFICATE-----\n",
            "domain": "kunlabora.ninja",
            "id": "arn:aws:acm:eu-central-1:812958718504:certificate/e3f85ec5-73b5-4256-908a-3753c654cf2e",
            "key_types": null,
            "most_recent": false,
            "status": "ISSUED",
            "statuses": null,
            "tags": {},
            "types": null
          },
          "sensitive_attributes": []
        }
      ]
    },
    {
      "mode": "data",
      "type": "aws_ami",
      "name": "this",
      "provider": "provider[\"registry.terraform.io/hashicorp/aws\"]",
      "instances": [
        {
          "schema_version": 0,
          "attributes": {
            "architecture": "x86_64",
            "arn": "arn:aws:ec2:eu-central-1::image/ami-0a43b9fc420cabb27",
            "block_device_mappings": [
              {
                "device_name": "/dev/sda1",
                "ebs": {
                  "delete_on_termination": "true",
                  "encrypted": "false",
                  "iops": "0",
                  "snapshot_id": "snap-0cb479d4818a2bf69",
                  "throughput": "0",
                  "volume_size": "8",
                  "volume_type": "gp2"
                },
                "no_device": "",
                "virtual_name": ""
              },
              {
                "device_name": "/dev/sdb",
                "ebs": {},
                "no_device": "",
                "virtual_name": "ephemeral0"
              },
              {
                "device_name": "/dev/sdc",
                "ebs": {},
                "no_device": "",
                "virtual_name": "ephemeral1"
              }
            ],
            "boot_mode": "uefi-preferred",
            "creation_date": "2024-07-20T03:25:47.000Z",
            "deprecation_time": "2026-07-20T03:25:47.000Z",
            "description": "Canonical, Ubuntu, 22.04 LTS, amd64 jammy image build on 2024-07-20",
            "ena_support": true,
            "executable_users": null,
            "filter": [
              {
                "name": "name",
                "values": [
                  "ubuntu/images/hvm-ssd/ubuntu-jammy-22.04-amd64-server*"
                ]
              }
            ],
            "hypervisor": "xen",
            "id": "ami-0a43b9fc420cabb27",
            "image_id": "ami-0a43b9fc420cabb27",
            "image_location": "amazon/ubuntu/images/hvm-ssd/ubuntu-jammy-22.04-amd64-server-20240720",
            "image_owner_alias": "amazon",
            "image_type": "machine",
            "imds_support": "",
            "include_deprecated": false,
            "kernel_id": "",
            "most_recent": true,
            "name": "ubuntu/images/hvm-ssd/ubuntu-jammy-22.04-amd64-server-20240720",
            "name_regex": null,
            "owner_id": "099720109477",
            "owners": [
              "099720109477"
            ],
            "platform": "",
            "platform_details": "Linux/UNIX",
            "product_codes": [],
            "public": true,
            "ramdisk_id": "",
            "root_device_name": "/dev/sda1",
            "root_device_type": "ebs",
            "root_snapshot_id": "snap-0cb479d4818a2bf69",
            "sriov_net_support": "simple",
            "state": "available",
            "state_reason": {
              "code": "UNSET",
              "message": "UNSET"
            },
            "tags": {},
            "timeouts": null,
            "tpm_support": "",
            "usage_operation": "RunInstances",
            "virtualization_type": "hvm"
          },
          "sensitive_attributes": []
        }
      ]
    },
    {
      "mode": "data",
      "type": "aws_iam_policy_document",
      "name": "assume",
      "provider": "provider[\"registry.terraform.io/hashicorp/aws\"]",
      "instances": [
        {
          "schema_version": 0,
          "attributes": {
            "id": "2851119427",
            "json": "{\n  \"Version\": \"2012-10-17\",\n  \"Statement\": [\n    {\n      \"Effect\": \"Allow\",\n      \"Action\": \"sts:AssumeRole\",\n      \"Principal\": {\n        \"Service\": \"ec2.amazonaws.com\"\n      }\n    }\n  ]\n}",
            "minified_json": "{\"Version\":\"2012-10-17\",\"Statement\":[{\"Effect\":\"Allow\",\"Action\":\"sts:AssumeRole\",\"Principal\":{\"Service\":\"ec2.amazonaws.com\"}}]}",
            "override_json": null,
            "override_policy_documents": null,
            "policy_id": null,
            "source_json": null,
            "source_policy_documents": null,
            "statement": [
              {
                "actions": [
                  "sts:AssumeRole"
                ],
                "condition": [],
                "effect": "Allow",
                "not_actions": [],
                "not_principals": [],
                "not_resources": [],
                "principals": [
                  {
                    "identifiers": [
                      "ec2.amazonaws.com"
                    ],
                    "type": "Service"
                  }
                ],
                "resources": [],
                "sid": ""
              }
            ],
            "version": "2012-10-17"
          },
          "sensitive_attributes": []
        }
      ]
    },
    {
      "mode": "data",
      "type": "aws_region",
      "name": "this",
      "provider": "provider[\"registry.terraform.io/hashicorp/aws\"]",
      "instances": [
        {
          "schema_version": 0,
          "attributes": {
            "description": "Europe (Frankfurt)",
            "endpoint": "ec2.eu-central-1.amazonaws.com",
            "id": "eu-central-1",
            "name": "eu-central-1"
          },
          "sensitive_attributes": []
        }
      ]
    },
    {
      "mode": "data",
      "type": "aws_route53_zone",
      "name": "kunlabora_ninja",
      "provider": "provider[\"registry.terraform.io/hashicorp/aws\"]",
      "instances": [
        {
          "schema_version": 0,
          "attributes": {
            "arn": "arn:aws:route53:::hostedzone/Z04621643PCAWVLQBKPZC",
            "caller_reference": "RISWorkflow-RD:e9b8b1a1-7c28-4992-89a3-b89d1eea8b4e",
            "comment": "HostedZone created by Route53 Registrar",
            "id": "Z04621643PCAWVLQBKPZC",
            "linked_service_description": null,
            "linked_service_principal": null,
            "name": "kunlabora.ninja",
            "name_servers": [
              "ns-1539.awsdns-00.co.uk",
              "ns-25.awsdns-03.com",
              "ns-674.awsdns-20.net",
              "ns-1395.awsdns-46.org"
            ],
            "primary_name_server": "ns-1539.awsdns-00.co.uk",
            "private_zone": false,
            "resource_record_set_count": 11,
            "tags": {},
            "vpc_id": null,
            "zone_id": "Z04621643PCAWVLQBKPZC"
          },
          "sensitive_attributes": []
        }
      ]
    },
    {
      "mode": "managed",
      "type": "aws_eip",
      "name": "this",
      "provider": "provider[\"registry.terraform.io/hashicorp/aws\"]",
      "instances": [
        {
          "index_key": 0,
          "schema_version": 0,
          "attributes": {
            "address": null,
            "allocation_id": "eipalloc-08eca54fdf6aa1dce",
            "arn": "arn:aws:ec2:eu-central-1:812958718504:elastic-ip/eipalloc-08eca54fdf6aa1dce",
            "associate_with_private_ip": null,
            "association_id": "eipassoc-04ed88353e281152e",
            "carrier_ip": "",
            "customer_owned_ip": "",
            "customer_owned_ipv4_pool": "",
            "domain": "vpc",
            "id": "eipalloc-08eca54fdf6aa1dce",
            "instance": "",
            "network_border_group": "eu-central-1",
            "network_interface": "eni-0db611add1bd2d9c2",
            "private_dns": "ip-10-0-101-193.eu-central-1.compute.internal",
            "private_ip": "10.0.101.193",
            "ptr_record": "",
            "public_dns": "ec2-35-157-138-166.eu-central-1.compute.amazonaws.com",
            "public_ip": "35.157.138.166",
            "public_ipv4_pool": "amazon",
            "tags": {},
            "tags_all": {
              "App": "wedding-challenge",
              "Owner": "TimS"
            },
            "timeouts": null,
            "vpc": true
          },
          "sensitive_attributes": [],
          "private": "eyJlMmJmYjczMC1lY2FhLTExZTYtOGY4OC0zNDM2M2JjN2M0YzAiOnsiZGVsZXRlIjoxODAwMDAwMDAwMDAsInJlYWQiOjkwMDAwMDAwMDAwMCwidXBkYXRlIjozMDAwMDAwMDAwMDB9fQ=="
        },
        {
          "index_key": 1,
          "schema_version": 0,
          "attributes": {
            "address": null,
            "allocation_id": "eipalloc-0221a8cb670156a98",
            "arn": "arn:aws:ec2:eu-central-1:812958718504:elastic-ip/eipalloc-0221a8cb670156a98",
            "associate_with_private_ip": null,
            "association_id": "eipassoc-0fc0d053efe1605f6",
            "carrier_ip": "",
            "customer_owned_ip": "",
            "customer_owned_ipv4_pool": "",
            "domain": "vpc",
            "id": "eipalloc-0221a8cb670156a98",
            "instance": "",
            "network_border_group": "eu-central-1",
            "network_interface": "eni-013c1f0b6fc3381ae",
            "private_dns": "ip-10-0-102-57.eu-central-1.compute.internal",
            "private_ip": "10.0.102.57",
            "ptr_record": "",
            "public_dns": "ec2-18-157-155-25.eu-central-1.compute.amazonaws.com",
            "public_ip": "18.157.155.25",
            "public_ipv4_pool": "amazon",
            "tags": {},
            "tags_all": {
              "App": "wedding-challenge",
              "Owner": "TimS"
            },
            "timeouts": null,
            "vpc": true
          },
          "sensitive_attributes": [],
          "private": "eyJlMmJmYjczMC1lY2FhLTExZTYtOGY4OC0zNDM2M2JjN2M0YzAiOnsiZGVsZXRlIjoxODAwMDAwMDAwMDAsInJlYWQiOjkwMDAwMDAwMDAwMCwidXBkYXRlIjozMDAwMDAwMDAwMDB9fQ=="
        },
        {
          "index_key": 2,
          "schema_version": 0,
          "attributes": {
            "address": null,
            "allocation_id": "eipalloc-00ab25d8c3bd62ea0",
            "arn": "arn:aws:ec2:eu-central-1:812958718504:elastic-ip/eipalloc-00ab25d8c3bd62ea0",
            "associate_with_private_ip": null,
            "association_id": "eipassoc-02eb8344750ff0f6a",
            "carrier_ip": "",
            "customer_owned_ip": "",
            "customer_owned_ipv4_pool": "",
            "domain": "vpc",
            "id": "eipalloc-00ab25d8c3bd62ea0",
            "instance": "",
            "network_border_group": "eu-central-1",
            "network_interface": "eni-023abdd58cafeb7f6",
            "private_dns": "ip-10-0-103-218.eu-central-1.compute.internal",
            "private_ip": "10.0.103.218",
            "ptr_record": "",
            "public_dns": "ec2-18-156-70-163.eu-central-1.compute.amazonaws.com",
            "public_ip": "18.156.70.163",
            "public_ipv4_pool": "amazon",
            "tags": {},
            "tags_all": {
              "App": "wedding-challenge",
              "Owner": "TimS"
            },
            "timeouts": null,
            "vpc": true
          },
          "sensitive_attributes": [],
          "private": "eyJlMmJmYjczMC1lY2FhLTExZTYtOGY4OC0zNDM2M2JjN2M0YzAiOnsiZGVsZXRlIjoxODAwMDAwMDAwMDAsInJlYWQiOjkwMDAwMDAwMDAwMCwidXBkYXRlIjozMDAwMDAwMDAwMDB9fQ=="
        }
      ]
    },
    {
      "mode": "managed",
      "type": "aws_iam_instance_profile",
      "name": "this",
      "provider": "provider[\"registry.terraform.io/hashicorp/aws\"]",
      "instances": [
        {
          "schema_version": 0,
          "attributes": {
            "arn": "arn:aws:iam::812958718504:instance-profile/wedding-challenge",
            "create_date": "2024-07-24T17:57:06Z",
            "id": "wedding-challenge",
            "name": "wedding-challenge",
            "name_prefix": "",
            "path": "/",
            "role": "wedding-challenge",
            "tags": {},
            "tags_all": {
              "App": "wedding-challenge",
              "Owner": "TimS"
            },
            "unique_id": "AIPA32SA5TIUJ3TJXGQBO"
          },
          "sensitive_attributes": [],
          "private": "bnVsbA==",
          "dependencies": [
            "aws_iam_role.this",
            "data.aws_iam_policy_document.assume"
          ],
          "create_before_destroy": true
        }
      ]
    },
    {
      "mode": "managed",
      "type": "aws_iam_role",
      "name": "this",
      "provider": "provider[\"registry.terraform.io/hashicorp/aws\"]",
      "instances": [
        {
          "schema_version": 0,
          "attributes": {
            "arn": "arn:aws:iam::812958718504:role/wedding-challenge",
            "assume_role_policy": "{\"Statement\":[{\"Action\":\"sts:AssumeRole\",\"Effect\":\"Allow\",\"Principal\":{\"Service\":\"ec2.amazonaws.com\"}}],\"Version\":\"2012-10-17\"}",
            "create_date": "2024-07-24T17:57:05Z",
            "description": "TF: Role for jumphost to work with AWS SSM",
            "force_detach_policies": false,
            "id": "wedding-challenge",
            "inline_policy": [],
            "managed_policy_arns": [
              "arn:aws:iam::aws:policy/AmazonEC2ContainerRegistryReadOnly",
              "arn:aws:iam::aws:policy/AmazonSSMManagedInstanceCore"
            ],
            "max_session_duration": 3600,
            "name": "wedding-challenge",
            "name_prefix": "",
            "path": "/",
            "permissions_boundary": "",
            "tags": {},
            "tags_all": {
              "App": "wedding-challenge",
              "Owner": "TimS"
            },
            "unique_id": "AROA32SA5TIUMYL4RQLCF"
          },
          "sensitive_attributes": [],
          "private": "bnVsbA==",
          "dependencies": [
            "data.aws_iam_policy_document.assume"
          ],
          "create_before_destroy": true
        }
      ]
    },
    {
      "mode": "managed",
      "type": "aws_iam_role_policy_attachment",
      "name": "ecr",
      "provider": "provider[\"registry.terraform.io/hashicorp/aws\"]",
      "instances": [
        {
          "schema_version": 0,
          "attributes": {
            "id": "wedding-challenge-20240724185830237100000002",
            "policy_arn": "arn:aws:iam::aws:policy/AmazonEC2ContainerRegistryReadOnly",
            "role": "wedding-challenge"
          },
          "sensitive_attributes": [],
          "private": "bnVsbA==",
          "dependencies": [
            "aws_iam_role.this",
            "data.aws_iam_policy_document.assume"
          ]
        }
      ]
    },
    {
      "mode": "managed",
      "type": "aws_iam_role_policy_attachment",
      "name": "ssm",
      "provider": "provider[\"registry.terraform.io/hashicorp/aws\"]",
      "instances": [
        {
          "schema_version": 0,
          "attributes": {
            "id": "wedding-challenge-20240724190203583300000001",
            "policy_arn": "arn:aws:iam::aws:policy/AmazonSSMManagedInstanceCore",
            "role": "wedding-challenge"
          },
          "sensitive_attributes": [],
          "private": "bnVsbA==",
          "dependencies": [
            "aws_iam_role.this",
            "data.aws_iam_policy_document.assume"
          ]
        }
      ]
    },
    {
      "mode": "managed",
      "type": "aws_instance",
      "name": "this",
      "provider": "provider[\"registry.terraform.io/hashicorp/aws\"]",
      "instances": [
        {
          "schema_version": 1,
          "attributes": {
            "ami": "ami-0a43b9fc420cabb27",
            "arn": "arn:aws:ec2:eu-central-1:812958718504:instance/i-09c9bb33e64a6128c",
            "associate_public_ip_address": false,
            "availability_zone": "eu-central-1a",
            "capacity_reservation_specification": [
              {
                "capacity_reservation_preference": "open",
                "capacity_reservation_target": []
              }
            ],
            "cpu_core_count": 1,
            "cpu_options": [
              {
                "amd_sev_snp": "",
                "core_count": 1,
                "threads_per_core": 2
              }
            ],
            "cpu_threads_per_core": 2,
            "credit_specification": [
              {
                "cpu_credits": "unlimited"
              }
            ],
            "disable_api_stop": false,
            "disable_api_termination": false,
            "ebs_block_device": [],
            "ebs_optimized": false,
            "enclave_options": [
              {
                "enabled": false
              }
            ],
            "ephemeral_block_device": [],
            "get_password_data": false,
            "hibernation": false,
            "host_id": "",
            "host_resource_group_arn": null,
            "iam_instance_profile": "wedding-challenge",
            "id": "i-09c9bb33e64a6128c",
            "instance_initiated_shutdown_behavior": "stop",
            "instance_lifecycle": "",
            "instance_market_options": [],
            "instance_state": "running",
            "instance_type": "t3a.medium",
            "ipv6_address_count": 0,
            "ipv6_addresses": [],
            "key_name": "",
            "launch_template": [],
            "maintenance_options": [
              {
                "auto_recovery": "default"
              }
            ],
            "metadata_options": [
              {
                "http_endpoint": "enabled",
                "http_protocol_ipv6": "disabled",
                "http_put_response_hop_limit": 1,
                "http_tokens": "optional",
                "instance_metadata_tags": "disabled"
              }
            ],
            "monitoring": false,
            "network_interface": [],
            "outpost_arn": "",
            "password_data": "",
            "placement_group": "",
            "placement_partition_number": 0,
            "primary_network_interface_id": "eni-0c59e3347a353ba26",
            "private_dns": "ip-10-0-1-147.eu-central-1.compute.internal",
            "private_dns_name_options": [
              {
                "enable_resource_name_dns_a_record": false,
                "enable_resource_name_dns_aaaa_record": false,
                "hostname_type": "ip-name"
              }
            ],
            "private_ip": "10.0.1.147",
            "public_dns": "",
            "public_ip": "",
            "root_block_device": [
              {
                "delete_on_termination": false,
                "device_name": "/dev/sda1",
                "encrypted": true,
                "iops": 0,
                "kms_key_id": "arn:aws:kms:eu-central-1:812958718504:key/b7a1244e-f36b-4fd8-a172-7216e4a81f10",
                "tags": {},
                "tags_all": {
                  "App": "wedding-challenge",
                  "Owner": "TimS"
                },
                "throughput": 0,
                "volume_id": "vol-049b7037947b169f2",
                "volume_size": 8,
                "volume_type": "standard"
              }
            ],
            "secondary_private_ips": [],
            "security_groups": [],
            "source_dest_check": true,
            "spot_instance_request_id": "",
            "subnet_id": "subnet-068c6c8c6255969c7",
            "tags": {},
            "tags_all": {
              "App": "wedding-challenge",
              "Owner": "TimS"
            },
            "tenancy": "default",
            "timeouts": null,
            "user_data": null,
            "user_data_base64": null,
            "user_data_replace_on_change": false,
            "volume_tags": null,
            "vpc_security_group_ids": [
              "sg-03be55c25fcb1c1fb"
            ]
          },
          "sensitive_attributes": [],
          "private": "eyJlMmJmYjczMC1lY2FhLTExZTYtOGY4OC0zNDM2M2JjN2M0YzAiOnsiY3JlYXRlIjo2MDAwMDAwMDAwMDAsImRlbGV0ZSI6MTIwMDAwMDAwMDAwMCwicmVhZCI6OTAwMDAwMDAwMDAwLCJ1cGRhdGUiOjYwMDAwMDAwMDAwMH0sInNjaGVtYV92ZXJzaW9uIjoiMSJ9",
          "dependencies": [
            "aws_iam_instance_profile.this",
            "aws_iam_role.this",
            "aws_security_group.this",
            "data.aws_ami.this",
            "data.aws_iam_policy_document.assume",
            "data.aws_region.this",
            "module.nlb.aws_security_group.this",
            "module.vpc.aws_subnet.private",
            "module.vpc.aws_vpc.this",
            "module.vpc.aws_vpc_ipv4_cidr_block_association.this"
          ]
        }
      ]
    },
    {
      "mode": "managed",
      "type": "aws_route53_record",
      "name": "a_wedding_challenge_kunlabora_ninja",
      "provider": "provider[\"registry.terraform.io/hashicorp/aws\"]",
      "instances": [
        {
          "schema_version": 2,
          "attributes": {
            "alias": [
              {
                "evaluate_target_health": false,
                "name": "wedding-challenge-993c35852afb7fc5.elb.eu-central-1.amazonaws.com",
                "zone_id": "Z3F0SRJ5LGBH90"
              }
            ],
            "allow_overwrite": null,
            "cidr_routing_policy": [],
            "failover_routing_policy": [],
            "fqdn": "wedding-challenge.kunlabora.ninja",
            "geolocation_routing_policy": [],
            "geoproximity_routing_policy": [],
            "health_check_id": "",
            "id": "Z04621643PCAWVLQBKPZC_wedding-challenge_A",
            "latency_routing_policy": [],
            "multivalue_answer_routing_policy": false,
            "name": "wedding-challenge",
            "records": [],
            "set_identifier": "",
            "ttl": 0,
            "type": "A",
            "weighted_routing_policy": [],
            "zone_id": "Z04621643PCAWVLQBKPZC"
          },
          "sensitive_attributes": [],
          "private": "eyJzY2hlbWFfdmVyc2lvbiI6IjIifQ==",
          "dependencies": [
            "aws_eip.this",
            "data.aws_region.this",
            "data.aws_route53_zone.kunlabora_ninja",
            "module.nlb.aws_lb.this",
            "module.nlb.aws_security_group.this",
            "module.vpc.aws_subnet.public",
            "module.vpc.aws_vpc.this",
            "module.vpc.aws_vpc_ipv4_cidr_block_association.this"
          ]
        }
      ]
    },
    {
      "mode": "managed",
      "type": "aws_security_group",
      "name": "this",
      "provider": "provider[\"registry.terraform.io/hashicorp/aws\"]",
      "instances": [
        {
          "schema_version": 1,
          "attributes": {
            "arn": "arn:aws:ec2:eu-central-1:812958718504:security-group/sg-03be55c25fcb1c1fb",
            "description": "Managed by Terraform",
            "egress": [
              {
                "cidr_blocks": [
                  "0.0.0.0/0"
                ],
                "description": "TF: Allow all outbound traffic",
                "from_port": 0,
                "ipv6_cidr_blocks": [],
                "prefix_list_ids": [],
                "protocol": "-1",
                "security_groups": [],
                "self": false,
                "to_port": 0
              }
            ],
            "id": "sg-03be55c25fcb1c1fb",
            "ingress": [
              {
                "cidr_blocks": [
                  "0.0.0.0/0"
                ],
                "description": "TF: Allow SSH",
                "from_port": 22,
                "ipv6_cidr_blocks": [],
                "prefix_list_ids": [],
                "protocol": "tcp",
                "security_groups": [],
                "self": false,
                "to_port": 22
              },
              {
                "cidr_blocks": [],
                "description": "TF: Allow HTTP from the NLB",
                "from_port": 80,
                "ipv6_cidr_blocks": [],
                "prefix_list_ids": [],
                "protocol": "tcp",
                "security_groups": [
                  "sg-0d9ddeba15b353046"
                ],
                "self": false,
                "to_port": 80
              }
            ],
            "name": "wedding-challenge",
            "name_prefix": "",
            "owner_id": "812958718504",
            "revoke_rules_on_delete": false,
            "tags": {},
            "tags_all": {
              "App": "wedding-challenge",
              "Owner": "TimS"
            },
            "timeouts": null,
            "vpc_id": "vpc-0a7f13da5ed18ca24"
          },
          "sensitive_attributes": [],
          "private": "eyJlMmJmYjczMC1lY2FhLTExZTYtOGY4OC0zNDM2M2JjN2M0YzAiOnsiY3JlYXRlIjo2MDAwMDAwMDAwMDAsImRlbGV0ZSI6OTAwMDAwMDAwMDAwfSwic2NoZW1hX3ZlcnNpb24iOiIxIn0=",
          "dependencies": [
            "module.nlb.aws_security_group.this",
            "module.vpc.aws_vpc.this"
          ],
          "create_before_destroy": true
        }
      ]
    },
    {
      "module": "module.nlb",
      "mode": "data",
      "type": "aws_partition",
      "name": "current",
      "provider": "provider[\"registry.terraform.io/hashicorp/aws\"]",
      "instances": [
        {
          "schema_version": 0,
          "attributes": {
            "dns_suffix": "amazonaws.com",
            "id": "aws",
            "partition": "aws",
            "reverse_dns_prefix": "com.amazonaws"
          },
          "sensitive_attributes": []
        }
      ]
    },
    {
      "module": "module.nlb",
      "mode": "managed",
      "type": "aws_lb",
      "name": "this",
      "provider": "provider[\"registry.terraform.io/hashicorp/aws\"]",
      "instances": [
        {
          "index_key": 0,
          "schema_version": 0,
          "attributes": {
            "access_logs": [
              {
                "bucket": "",
                "enabled": false,
                "prefix": ""
              }
            ],
            "arn": "arn:aws:elasticloadbalancing:eu-central-1:812958718504:loadbalancer/net/wedding-challenge/993c35852afb7fc5",
            "arn_suffix": "net/wedding-challenge/993c35852afb7fc5",
            "client_keep_alive": null,
            "connection_logs": [],
            "customer_owned_ipv4_pool": "",
            "desync_mitigation_mode": null,
            "dns_name": "wedding-challenge-993c35852afb7fc5.elb.eu-central-1.amazonaws.com",
            "dns_record_client_routing_policy": "any_availability_zone",
            "drop_invalid_header_fields": null,
            "enable_cross_zone_load_balancing": true,
            "enable_deletion_protection": true,
            "enable_http2": null,
            "enable_tls_version_and_cipher_suite_headers": null,
            "enable_waf_fail_open": null,
            "enable_xff_client_port": null,
            "enforce_security_group_inbound_rules_on_private_link_traffic": "",
            "id": "arn:aws:elasticloadbalancing:eu-central-1:812958718504:loadbalancer/net/wedding-challenge/993c35852afb7fc5",
            "idle_timeout": null,
            "internal": false,
            "ip_address_type": "ipv4",
            "load_balancer_type": "network",
            "name": "wedding-challenge",
            "name_prefix": "",
            "preserve_host_header": null,
            "security_groups": [
              "sg-0d9ddeba15b353046"
            ],
            "subnet_mapping": [
              {
                "allocation_id": "eipalloc-00ab25d8c3bd62ea0",
                "ipv6_address": "",
                "outpost_id": "",
                "private_ipv4_address": "",
                "subnet_id": "subnet-02d5774ac3c3209ae"
              },
              {
                "allocation_id": "eipalloc-0221a8cb670156a98",
                "ipv6_address": "",
                "outpost_id": "",
                "private_ipv4_address": "",
                "subnet_id": "subnet-0b54bece880d09eb9"
              },
              {
                "allocation_id": "eipalloc-08eca54fdf6aa1dce",
                "ipv6_address": "",
                "outpost_id": "",
                "private_ipv4_address": "",
                "subnet_id": "subnet-0af883b133300f2ec"
              }
            ],
            "subnets": [
              "subnet-02d5774ac3c3209ae",
              "subnet-0af883b133300f2ec",
              "subnet-0b54bece880d09eb9"
            ],
            "tags": {
              "terraform-aws-modules": "alb"
            },
            "tags_all": {
              "App": "wedding-challenge",
              "Owner": "TimS",
              "terraform-aws-modules": "alb"
            },
            "timeouts": {
              "create": null,
              "delete": null,
              "update": null
            },
            "vpc_id": "vpc-0a7f13da5ed18ca24",
            "xff_header_processing_mode": null,
            "zone_id": "Z3F0SRJ5LGBH90"
          },
          "sensitive_attributes": [],
          "private": "eyJlMmJmYjczMC1lY2FhLTExZTYtOGY4OC0zNDM2M2JjN2M0YzAiOnsiY3JlYXRlIjo2MDAwMDAwMDAwMDAsImRlbGV0ZSI6NjAwMDAwMDAwMDAwLCJ1cGRhdGUiOjYwMDAwMDAwMDAwMH19",
          "dependencies": [
            "aws_eip.this",
            "data.aws_region.this",
            "module.nlb.aws_security_group.this",
            "module.vpc.aws_subnet.public",
            "module.vpc.aws_vpc.this",
            "module.vpc.aws_vpc_ipv4_cidr_block_association.this"
          ]
        }
      ]
    },
    {
      "module": "module.nlb",
      "mode": "managed",
      "type": "aws_lb_listener",
      "name": "this",
      "provider": "provider[\"registry.terraform.io/hashicorp/aws\"]",
      "instances": [
        {
          "index_key": "http",
          "schema_version": 0,
          "attributes": {
            "alpn_policy": null,
            "arn": "arn:aws:elasticloadbalancing:eu-central-1:812958718504:listener/net/wedding-challenge/993c35852afb7fc5/47a9178123826306",
            "certificate_arn": null,
            "default_action": [
              {
                "authenticate_cognito": [],
                "authenticate_oidc": [],
                "fixed_response": [],
                "forward": [],
                "order": 1,
                "redirect": [],
                "target_group_arn": "arn:aws:elasticloadbalancing:eu-central-1:812958718504:targetgroup/tf-20240724193834300100000001/877690205b325eaf",
                "type": "forward"
              }
            ],
            "id": "arn:aws:elasticloadbalancing:eu-central-1:812958718504:listener/net/wedding-challenge/993c35852afb7fc5/47a9178123826306",
            "load_balancer_arn": "arn:aws:elasticloadbalancing:eu-central-1:812958718504:loadbalancer/net/wedding-challenge/993c35852afb7fc5",
            "mutual_authentication": [],
            "port": 80,
            "protocol": "TCP",
            "ssl_policy": "",
            "tags": {
              "Name": "wedding-challenge/http-https-redirect",
              "terraform-aws-modules": "alb"
            },
            "tags_all": {
              "App": "wedding-challenge",
              "Name": "wedding-challenge/http-https-redirect",
              "Owner": "TimS",
              "terraform-aws-modules": "alb"
            },
            "timeouts": null
          },
          "sensitive_attributes": [],
          "private": "eyJlMmJmYjczMC1lY2FhLTExZTYtOGY4OC0zNDM2M2JjN2M0YzAiOnsiY3JlYXRlIjozMDAwMDAwMDAwMDAsInVwZGF0ZSI6MzAwMDAwMDAwMDAwfX0=",
          "dependencies": [
            "aws_eip.this",
            "aws_iam_instance_profile.this",
            "aws_iam_role.this",
            "aws_instance.this",
            "aws_security_group.this",
            "data.aws_acm_certificate.kunlabora_ninja",
            "data.aws_ami.this",
            "data.aws_iam_policy_document.assume",
            "data.aws_region.this",
            "module.nlb.aws_lb.this",
            "module.nlb.aws_lb_target_group.this",
            "module.nlb.aws_security_group.this",
            "module.vpc.aws_subnet.private",
            "module.vpc.aws_subnet.public",
            "module.vpc.aws_vpc.this",
            "module.vpc.aws_vpc_ipv4_cidr_block_association.this"
          ]
        },
        {
          "index_key": "https",
          "schema_version": 0,
          "attributes": {
            "alpn_policy": null,
            "arn": "arn:aws:elasticloadbalancing:eu-central-1:812958718504:listener/net/wedding-challenge/993c35852afb7fc5/1566d99662ac05be",
            "certificate_arn": "arn:aws:acm:eu-central-1:812958718504:certificate/e3f85ec5-73b5-4256-908a-3753c654cf2e",
            "default_action": [
              {
                "authenticate_cognito": [],
                "authenticate_oidc": [],
                "fixed_response": [],
                "forward": [],
                "order": 1,
                "redirect": [],
                "target_group_arn": "arn:aws:elasticloadbalancing:eu-central-1:812958718504:targetgroup/tf-20240724193834300100000001/877690205b325eaf",
                "type": "forward"
              }
            ],
            "id": "arn:aws:elasticloadbalancing:eu-central-1:812958718504:listener/net/wedding-challenge/993c35852afb7fc5/1566d99662ac05be",
            "load_balancer_arn": "arn:aws:elasticloadbalancing:eu-central-1:812958718504:loadbalancer/net/wedding-challenge/993c35852afb7fc5",
            "mutual_authentication": [],
            "port": 443,
            "protocol": "TLS",
            "ssl_policy": "ELBSecurityPolicy-TLS13-1-2-Res-2021-06",
            "tags": {
              "Name": "wedding-challenge/https-traffic",
              "terraform-aws-modules": "alb"
            },
            "tags_all": {
              "App": "wedding-challenge",
              "Name": "wedding-challenge/https-traffic",
              "Owner": "TimS",
              "terraform-aws-modules": "alb"
            },
            "timeouts": null
          },
          "sensitive_attributes": [],
          "private": "eyJlMmJmYjczMC1lY2FhLTExZTYtOGY4OC0zNDM2M2JjN2M0YzAiOnsiY3JlYXRlIjozMDAwMDAwMDAwMDAsInVwZGF0ZSI6MzAwMDAwMDAwMDAwfX0=",
          "dependencies": [
            "aws_eip.this",
            "aws_iam_instance_profile.this",
            "aws_iam_role.this",
            "aws_instance.this",
            "aws_security_group.this",
            "data.aws_acm_certificate.kunlabora_ninja",
            "data.aws_ami.this",
            "data.aws_iam_policy_document.assume",
            "data.aws_region.this",
            "module.nlb.aws_lb.this",
            "module.nlb.aws_lb_target_group.this",
            "module.nlb.aws_security_group.this",
            "module.vpc.aws_subnet.private",
            "module.vpc.aws_subnet.public",
            "module.vpc.aws_vpc.this",
            "module.vpc.aws_vpc_ipv4_cidr_block_association.this"
          ]
        }
      ]
    },
    {
      "module": "module.nlb",
      "mode": "managed",
      "type": "aws_lb_target_group",
      "name": "this",
      "provider": "provider[\"registry.terraform.io/hashicorp/aws\"]",
      "instances": [
        {
          "index_key": "wedding-challenge",
          "schema_version": 0,
          "attributes": {
            "arn": "arn:aws:elasticloadbalancing:eu-central-1:812958718504:targetgroup/tf-20240724193834300100000001/877690205b325eaf",
            "arn_suffix": "targetgroup/tf-20240724193834300100000001/877690205b325eaf",
            "connection_termination": false,
            "deregistration_delay": "10",
            "health_check": [
              {
                "enabled": true,
                "healthy_threshold": 3,
                "interval": 30,
                "matcher": "200-399",
                "path": "/actuator/health",
                "port": "traffic-port",
                "protocol": "HTTP",
                "timeout": 6,
                "unhealthy_threshold": 3
              }
            ],
            "id": "arn:aws:elasticloadbalancing:eu-central-1:812958718504:targetgroup/tf-20240724193834300100000001/877690205b325eaf",
            "ip_address_type": "ipv4",
            "lambda_multi_value_headers_enabled": false,
            "load_balancer_arns": [
              "arn:aws:elasticloadbalancing:eu-central-1:812958718504:loadbalancer/net/wedding-challenge/993c35852afb7fc5"
            ],
            "load_balancing_algorithm_type": null,
            "load_balancing_anomaly_mitigation": null,
            "load_balancing_cross_zone_enabled": "use_load_balancer_configuration",
            "name": "tf-20240724193834300100000001",
            "name_prefix": "tf-",
            "port": 80,
            "preserve_client_ip": "true",
            "protocol": "TCP",
            "protocol_version": null,
            "proxy_protocol_v2": false,
            "slow_start": 0,
            "stickiness": [
              {
                "cookie_duration": 0,
                "cookie_name": "",
                "enabled": false,
                "type": "source_ip"
              }
            ],
            "tags": {
              "terraform-aws-modules": "alb"
            },
            "tags_all": {
              "App": "wedding-challenge",
              "Owner": "TimS",
              "terraform-aws-modules": "alb"
            },
            "target_failover": [
              {
                "on_deregistration": null,
                "on_unhealthy": null
              }
            ],
            "target_group_health": [
              {
                "dns_failover": [
                  {
                    "minimum_healthy_targets_count": "1",
                    "minimum_healthy_targets_percentage": "off"
                  }
                ],
                "unhealthy_state_routing": [
                  {
                    "minimum_healthy_targets_count": 1,
                    "minimum_healthy_targets_percentage": "off"
                  }
                ]
              }
            ],
            "target_health_state": [
              {
                "enable_unhealthy_connection_termination": true
              }
            ],
            "target_type": "instance",
            "vpc_id": "vpc-0a7f13da5ed18ca24"
          },
          "sensitive_attributes": [],
          "private": "bnVsbA==",
          "dependencies": [
            "aws_iam_instance_profile.this",
            "aws_iam_role.this",
            "aws_instance.this",
            "aws_security_group.this",
            "data.aws_ami.this",
            "data.aws_iam_policy_document.assume",
            "data.aws_region.this",
            "module.nlb.aws_security_group.this",
            "module.vpc.aws_subnet.private",
            "module.vpc.aws_vpc.this",
            "module.vpc.aws_vpc_ipv4_cidr_block_association.this"
          ],
          "create_before_destroy": true
        }
      ]
    },
    {
      "module": "module.nlb",
      "mode": "managed",
      "type": "aws_lb_target_group_attachment",
      "name": "this",
      "provider": "provider[\"registry.terraform.io/hashicorp/aws\"]",
      "instances": [
        {
          "index_key": "wedding-challenge",
          "schema_version": 0,
          "attributes": {
            "availability_zone": null,
            "id": "arn:aws:elasticloadbalancing:eu-central-1:812958718504:targetgroup/tf-20240724193834300100000001/877690205b325eaf-20240724193835267500000002",
            "port": 80,
            "target_group_arn": "arn:aws:elasticloadbalancing:eu-central-1:812958718504:targetgroup/tf-20240724193834300100000001/877690205b325eaf",
            "target_id": "i-09c9bb33e64a6128c"
          },
          "sensitive_attributes": [],
          "private": "bnVsbA==",
          "dependencies": [
            "aws_iam_instance_profile.this",
            "aws_iam_role.this",
            "aws_instance.this",
            "aws_security_group.this",
            "data.aws_ami.this",
            "data.aws_iam_policy_document.assume",
            "data.aws_region.this",
            "module.nlb.aws_lambda_permission.this",
            "module.nlb.aws_lb_target_group.this",
            "module.nlb.aws_security_group.this",
            "module.nlb.data.aws_partition.current",
            "module.vpc.aws_subnet.private",
            "module.vpc.aws_vpc.this",
            "module.vpc.aws_vpc_ipv4_cidr_block_association.this"
          ]
        }
      ]
    },
    {
      "module": "module.nlb",
      "mode": "managed",
      "type": "aws_security_group",
      "name": "this",
      "provider": "provider[\"registry.terraform.io/hashicorp/aws\"]",
      "instances": [
        {
          "index_key": 0,
          "schema_version": 1,
          "attributes": {
            "arn": "arn:aws:ec2:eu-central-1:812958718504:security-group/sg-0d9ddeba15b353046",
            "description": "Security group for wedding-challenge network load balancer",
            "egress": [
              {
                "cidr_blocks": [
                  "10.0.0.0/16"
                ],
                "description": "",
                "from_port": 0,
                "ipv6_cidr_blocks": [],
                "prefix_list_ids": [],
                "protocol": "-1",
                "security_groups": [],
                "self": false,
                "to_port": 0
              }
            ],
            "id": "sg-0d9ddeba15b353046",
            "ingress": [
              {
                "cidr_blocks": [
                  "0.0.0.0/0"
                ],
                "description": "TF: Allow HTTP traffic",
                "from_port": 80,
                "ipv6_cidr_blocks": [],
                "prefix_list_ids": [],
                "protocol": "tcp",
                "security_groups": [],
                "self": false,
                "to_port": 80
              },
              {
                "cidr_blocks": [
                  "0.0.0.0/0"
                ],
                "description": "TF: Allow HTTPS traffic",
                "from_port": 443,
                "ipv6_cidr_blocks": [],
                "prefix_list_ids": [],
                "protocol": "tcp",
                "security_groups": [],
                "self": false,
                "to_port": 443
              }
            ],
            "name": "wedding-challenge-20240724175717689500000006",
            "name_prefix": "wedding-challenge-",
            "owner_id": "812958718504",
            "revoke_rules_on_delete": false,
            "tags": {
              "terraform-aws-modules": "alb"
            },
            "tags_all": {
              "App": "wedding-challenge",
              "Owner": "TimS",
              "terraform-aws-modules": "alb"
            },
            "timeouts": null,
            "vpc_id": "vpc-0a7f13da5ed18ca24"
          },
          "sensitive_attributes": [],
          "private": "eyJlMmJmYjczMC1lY2FhLTExZTYtOGY4OC0zNDM2M2JjN2M0YzAiOnsiY3JlYXRlIjo2MDAwMDAwMDAwMDAsImRlbGV0ZSI6OTAwMDAwMDAwMDAwfSwic2NoZW1hX3ZlcnNpb24iOiIxIn0=",
          "dependencies": [
            "module.vpc.aws_vpc.this"
          ],
          "create_before_destroy": true
        }
      ]
    },
    {
      "module": "module.nlb",
      "mode": "managed",
      "type": "aws_vpc_security_group_egress_rule",
      "name": "this",
      "provider": "provider[\"registry.terraform.io/hashicorp/aws\"]",
      "instances": [
        {
          "index_key": "all",
          "schema_version": 0,
          "attributes": {
            "arn": "arn:aws:ec2:eu-central-1:812958718504:security-group-rule/sgr-01baecb86d477697e",
            "cidr_ipv4": "10.0.0.0/16",
            "cidr_ipv6": null,
            "description": null,
            "from_port": null,
            "id": "sgr-01baecb86d477697e",
            "ip_protocol": "-1",
            "prefix_list_id": null,
            "referenced_security_group_id": null,
            "security_group_id": "sg-0d9ddeba15b353046",
            "security_group_rule_id": "sgr-01baecb86d477697e",
            "tags": {
              "terraform-aws-modules": "alb"
            },
            "tags_all": {
              "App": "wedding-challenge",
              "Owner": "TimS",
              "terraform-aws-modules": "alb"
            },
            "to_port": null
          },
          "sensitive_attributes": [],
          "dependencies": [
            "module.nlb.aws_security_group.this",
            "module.vpc.aws_vpc.this"
          ]
        }
      ]
    },
    {
      "module": "module.nlb",
      "mode": "managed",
      "type": "aws_vpc_security_group_ingress_rule",
      "name": "this",
      "provider": "provider[\"registry.terraform.io/hashicorp/aws\"]",
      "instances": [
        {
          "index_key": "http",
          "schema_version": 0,
          "attributes": {
            "arn": "arn:aws:ec2:eu-central-1:812958718504:security-group-rule/sgr-097df781d19cd8815",
            "cidr_ipv4": "0.0.0.0/0",
            "cidr_ipv6": null,
            "description": "TF: Allow HTTP traffic",
            "from_port": 80,
            "id": "sgr-097df781d19cd8815",
            "ip_protocol": "tcp",
            "prefix_list_id": null,
            "referenced_security_group_id": null,
            "security_group_id": "sg-0d9ddeba15b353046",
            "security_group_rule_id": "sgr-097df781d19cd8815",
            "tags": {
              "terraform-aws-modules": "alb"
            },
            "tags_all": {
              "App": "wedding-challenge",
              "Owner": "TimS",
              "terraform-aws-modules": "alb"
            },
            "to_port": 80
          },
          "sensitive_attributes": [],
          "dependencies": [
            "module.nlb.aws_security_group.this",
            "module.vpc.aws_vpc.this"
          ]
        },
        {
          "index_key": "https",
          "schema_version": 0,
          "attributes": {
            "arn": "arn:aws:ec2:eu-central-1:812958718504:security-group-rule/sgr-08eef8de904e76558",
            "cidr_ipv4": "0.0.0.0/0",
            "cidr_ipv6": null,
            "description": "TF: Allow HTTPS traffic",
            "from_port": 443,
            "id": "sgr-08eef8de904e76558",
            "ip_protocol": "tcp",
            "prefix_list_id": null,
            "referenced_security_group_id": null,
            "security_group_id": "sg-0d9ddeba15b353046",
            "security_group_rule_id": "sgr-08eef8de904e76558",
            "tags": {
              "terraform-aws-modules": "alb"
            },
            "tags_all": {
              "App": "wedding-challenge",
              "Owner": "TimS",
              "terraform-aws-modules": "alb"
            },
            "to_port": 443
          },
          "sensitive_attributes": [],
          "dependencies": [
            "module.nlb.aws_security_group.this",
            "module.vpc.aws_vpc.this"
          ]
        }
      ]
    },
    {
      "module": "module.vpc",
      "mode": "managed",
      "type": "aws_db_subnet_group",
      "name": "database",
      "provider": "provider[\"registry.terraform.io/hashicorp/aws\"]",
      "instances": [
        {
          "index_key": 0,
          "schema_version": 0,
          "attributes": {
            "arn": "arn:aws:rds:eu-central-1:812958718504:subgrp:wedding-challenge",
            "description": "Database subnet group for wedding-challenge",
            "id": "wedding-challenge",
            "name": "wedding-challenge",
            "name_prefix": "",
            "subnet_ids": [
              "subnet-02eceefe4e191b9c6",
              "subnet-049e1babc948b80d0",
              "subnet-0f25f5a51c5069de8"
            ],
            "supported_network_types": [
              "IPV4"
            ],
            "tags": {
              "Name": "wedding-challenge"
            },
            "tags_all": {
              "App": "wedding-challenge",
              "Name": "wedding-challenge",
              "Owner": "TimS"
            },
            "vpc_id": "vpc-0a7f13da5ed18ca24"
          },
          "sensitive_attributes": [],
          "private": "bnVsbA==",
          "dependencies": [
            "data.aws_region.this",
            "module.vpc.aws_subnet.database",
            "module.vpc.aws_vpc.this",
            "module.vpc.aws_vpc_ipv4_cidr_block_association.this"
          ]
        }
      ]
    },
    {
      "module": "module.vpc",
      "mode": "managed",
      "type": "aws_eip",
      "name": "nat",
      "provider": "provider[\"registry.terraform.io/hashicorp/aws\"]",
      "instances": [
        {
          "index_key": 0,
          "schema_version": 0,
          "attributes": {
            "address": null,
            "allocation_id": "eipalloc-01d5c99276b0681b8",
            "arn": "arn:aws:ec2:eu-central-1:812958718504:elastic-ip/eipalloc-01d5c99276b0681b8",
            "associate_with_private_ip": null,
            "association_id": "eipassoc-0c0fc43e710fcab73",
            "carrier_ip": "",
            "customer_owned_ip": "",
            "customer_owned_ipv4_pool": "",
            "domain": "vpc",
            "id": "eipalloc-01d5c99276b0681b8",
            "instance": "",
            "network_border_group": "eu-central-1",
            "network_interface": "eni-0f63852d6af5cdd90",
            "private_dns": "ip-10-0-101-186.eu-central-1.compute.internal",
            "private_ip": "10.0.101.186",
            "ptr_record": "",
            "public_dns": "ec2-18-197-204-77.eu-central-1.compute.amazonaws.com",
            "public_ip": "18.197.204.77",
            "public_ipv4_pool": "amazon",
            "tags": {
              "Name": "wedding-challenge-eu-central-1a"
            },
            "tags_all": {
              "App": "wedding-challenge",
              "Name": "wedding-challenge-eu-central-1a",
              "Owner": "TimS"
            },
            "timeouts": null,
            "vpc": true
          },
          "sensitive_attributes": [],
          "private": "eyJlMmJmYjczMC1lY2FhLTExZTYtOGY4OC0zNDM2M2JjN2M0YzAiOnsiZGVsZXRlIjoxODAwMDAwMDAwMDAsInJlYWQiOjkwMDAwMDAwMDAwMCwidXBkYXRlIjozMDAwMDAwMDAwMDB9fQ==",
          "dependencies": [
            "data.aws_region.this",
            "module.vpc.aws_internet_gateway.this",
            "module.vpc.aws_vpc.this",
            "module.vpc.aws_vpc_ipv4_cidr_block_association.this"
          ]
        }
      ]
    },
    {
      "module": "module.vpc",
      "mode": "managed",
      "type": "aws_internet_gateway",
      "name": "this",
      "provider": "provider[\"registry.terraform.io/hashicorp/aws\"]",
      "instances": [
        {
          "index_key": 0,
          "schema_version": 0,
          "attributes": {
            "arn": "arn:aws:ec2:eu-central-1:812958718504:internet-gateway/igw-06db3f8f242944cc8",
            "id": "igw-06db3f8f242944cc8",
            "owner_id": "812958718504",
            "tags": {
              "Name": "wedding-challenge"
            },
            "tags_all": {
              "App": "wedding-challenge",
              "Name": "wedding-challenge",
              "Owner": "TimS"
            },
            "timeouts": null,
            "vpc_id": "vpc-0a7f13da5ed18ca24"
          },
          "sensitive_attributes": [],
          "private": "eyJlMmJmYjczMC1lY2FhLTExZTYtOGY4OC0zNDM2M2JjN2M0YzAiOnsiY3JlYXRlIjoxMjAwMDAwMDAwMDAwLCJkZWxldGUiOjEyMDAwMDAwMDAwMDAsInVwZGF0ZSI6MTIwMDAwMDAwMDAwMH19",
          "dependencies": [
            "module.vpc.aws_vpc.this",
            "module.vpc.aws_vpc_ipv4_cidr_block_association.this"
          ]
        }
      ]
    },
    {
      "module": "module.vpc",
      "mode": "managed",
      "type": "aws_nat_gateway",
      "name": "this",
      "provider": "provider[\"registry.terraform.io/hashicorp/aws\"]",
      "instances": [
        {
          "index_key": 0,
          "schema_version": 0,
          "attributes": {
            "allocation_id": "eipalloc-01d5c99276b0681b8",
            "association_id": "eipassoc-0c0fc43e710fcab73",
            "connectivity_type": "public",
            "id": "nat-0c8f5c0e0d1d02986",
            "network_interface_id": "eni-0f63852d6af5cdd90",
            "private_ip": "10.0.101.186",
            "public_ip": "18.197.204.77",
            "secondary_allocation_ids": [],
            "secondary_private_ip_address_count": 0,
            "secondary_private_ip_addresses": [],
            "subnet_id": "subnet-0af883b133300f2ec",
            "tags": {
              "Name": "wedding-challenge-eu-central-1a"
            },
            "tags_all": {
              "App": "wedding-challenge",
              "Name": "wedding-challenge-eu-central-1a",
              "Owner": "TimS"
            },
            "timeouts": null
          },
          "sensitive_attributes": [],
          "private": "eyJlMmJmYjczMC1lY2FhLTExZTYtOGY4OC0zNDM2M2JjN2M0YzAiOnsiY3JlYXRlIjo2MDAwMDAwMDAwMDAsImRlbGV0ZSI6MTgwMDAwMDAwMDAwMCwidXBkYXRlIjo2MDAwMDAwMDAwMDB9fQ==",
          "dependencies": [
            "data.aws_region.this",
            "module.vpc.aws_eip.nat",
            "module.vpc.aws_internet_gateway.this",
            "module.vpc.aws_subnet.public",
            "module.vpc.aws_vpc.this",
            "module.vpc.aws_vpc_ipv4_cidr_block_association.this"
          ]
        }
      ]
    },
    {
      "module": "module.vpc",
      "mode": "managed",
      "type": "aws_route",
      "name": "private_nat_gateway",
      "provider": "provider[\"registry.terraform.io/hashicorp/aws\"]",
      "instances": [
        {
          "index_key": 0,
          "schema_version": 0,
          "attributes": {
            "carrier_gateway_id": "",
            "core_network_arn": "",
            "destination_cidr_block": "0.0.0.0/0",
            "destination_ipv6_cidr_block": "",
            "destination_prefix_list_id": "",
            "egress_only_gateway_id": "",
            "gateway_id": "",
            "id": "r-rtb-0cbf92964212837621080289494",
            "instance_id": "",
            "instance_owner_id": "",
            "local_gateway_id": "",
            "nat_gateway_id": "nat-0c8f5c0e0d1d02986",
            "network_interface_id": "",
            "origin": "CreateRoute",
            "route_table_id": "rtb-0cbf9296421283762",
            "state": "active",
            "timeouts": {
              "create": "5m",
              "delete": null,
              "update": null
            },
            "transit_gateway_id": "",
            "vpc_endpoint_id": "",
            "vpc_peering_connection_id": ""
          },
          "sensitive_attributes": [],
          "private": "eyJlMmJmYjczMC1lY2FhLTExZTYtOGY4OC0zNDM2M2JjN2M0YzAiOnsiY3JlYXRlIjozMDAwMDAwMDAwMDAsImRlbGV0ZSI6MzAwMDAwMDAwMDAwLCJ1cGRhdGUiOjEyMDAwMDAwMDAwMH19",
          "dependencies": [
            "data.aws_region.this",
            "module.vpc.aws_eip.nat",
            "module.vpc.aws_internet_gateway.this",
            "module.vpc.aws_nat_gateway.this",
            "module.vpc.aws_route_table.private",
            "module.vpc.aws_subnet.public",
            "module.vpc.aws_vpc.this",
            "module.vpc.aws_vpc_ipv4_cidr_block_association.this"
          ]
        }
      ]
    },
    {
      "module": "module.vpc",
      "mode": "managed",
      "type": "aws_route",
      "name": "public_internet_gateway",
      "provider": "provider[\"registry.terraform.io/hashicorp/aws\"]",
      "instances": [
        {
          "index_key": 0,
          "schema_version": 0,
          "attributes": {
            "carrier_gateway_id": "",
            "core_network_arn": "",
            "destination_cidr_block": "0.0.0.0/0",
            "destination_ipv6_cidr_block": "",
            "destination_prefix_list_id": "",
            "egress_only_gateway_id": "",
            "gateway_id": "igw-06db3f8f242944cc8",
            "id": "r-rtb-04e9a078eb18703b41080289494",
            "instance_id": "",
            "instance_owner_id": "",
            "local_gateway_id": "",
            "nat_gateway_id": "",
            "network_interface_id": "",
            "origin": "CreateRoute",
            "route_table_id": "rtb-04e9a078eb18703b4",
            "state": "active",
            "timeouts": {
              "create": "5m",
              "delete": null,
              "update": null
            },
            "transit_gateway_id": "",
            "vpc_endpoint_id": "",
            "vpc_peering_connection_id": ""
          },
          "sensitive_attributes": [],
          "private": "eyJlMmJmYjczMC1lY2FhLTExZTYtOGY4OC0zNDM2M2JjN2M0YzAiOnsiY3JlYXRlIjozMDAwMDAwMDAwMDAsImRlbGV0ZSI6MzAwMDAwMDAwMDAwLCJ1cGRhdGUiOjEyMDAwMDAwMDAwMH19",
          "dependencies": [
            "data.aws_region.this",
            "module.vpc.aws_internet_gateway.this",
            "module.vpc.aws_route_table.public",
            "module.vpc.aws_vpc.this",
            "module.vpc.aws_vpc_ipv4_cidr_block_association.this"
          ]
        }
      ]
    },
    {
      "module": "module.vpc",
      "mode": "managed",
      "type": "aws_route_table",
      "name": "private",
      "provider": "provider[\"registry.terraform.io/hashicorp/aws\"]",
      "instances": [
        {
          "index_key": 0,
          "schema_version": 0,
          "attributes": {
            "arn": "arn:aws:ec2:eu-central-1:812958718504:route-table/rtb-0cbf9296421283762",
            "id": "rtb-0cbf9296421283762",
            "owner_id": "812958718504",
            "propagating_vgws": [],
            "route": [
              {
                "carrier_gateway_id": "",
                "cidr_block": "0.0.0.0/0",
                "core_network_arn": "",
                "destination_prefix_list_id": "",
                "egress_only_gateway_id": "",
                "gateway_id": "",
                "ipv6_cidr_block": "",
                "local_gateway_id": "",
                "nat_gateway_id": "nat-0c8f5c0e0d1d02986",
                "network_interface_id": "",
                "transit_gateway_id": "",
                "vpc_endpoint_id": "",
                "vpc_peering_connection_id": ""
              }
            ],
            "tags": {
              "Name": "wedding-challenge-private"
            },
            "tags_all": {
              "App": "wedding-challenge",
              "Name": "wedding-challenge-private",
              "Owner": "TimS"
            },
            "timeouts": null,
            "vpc_id": "vpc-0a7f13da5ed18ca24"
          },
          "sensitive_attributes": [],
          "private": "eyJlMmJmYjczMC1lY2FhLTExZTYtOGY4OC0zNDM2M2JjN2M0YzAiOnsiY3JlYXRlIjozMDAwMDAwMDAwMDAsImRlbGV0ZSI6MzAwMDAwMDAwMDAwLCJ1cGRhdGUiOjEyMDAwMDAwMDAwMH19",
          "dependencies": [
            "data.aws_region.this",
            "module.vpc.aws_vpc.this",
            "module.vpc.aws_vpc_ipv4_cidr_block_association.this"
          ]
        }
      ]
    },
    {
      "module": "module.vpc",
      "mode": "managed",
      "type": "aws_route_table",
      "name": "public",
      "provider": "provider[\"registry.terraform.io/hashicorp/aws\"]",
      "instances": [
        {
          "index_key": 0,
          "schema_version": 0,
          "attributes": {
            "arn": "arn:aws:ec2:eu-central-1:812958718504:route-table/rtb-04e9a078eb18703b4",
            "id": "rtb-04e9a078eb18703b4",
            "owner_id": "812958718504",
            "propagating_vgws": [],
            "route": [
              {
                "carrier_gateway_id": "",
                "cidr_block": "0.0.0.0/0",
                "core_network_arn": "",
                "destination_prefix_list_id": "",
                "egress_only_gateway_id": "",
                "gateway_id": "igw-06db3f8f242944cc8",
                "ipv6_cidr_block": "",
                "local_gateway_id": "",
                "nat_gateway_id": "",
                "network_interface_id": "",
                "transit_gateway_id": "",
                "vpc_endpoint_id": "",
                "vpc_peering_connection_id": ""
              }
            ],
            "tags": {
              "Name": "wedding-challenge-public"
            },
            "tags_all": {
              "App": "wedding-challenge",
              "Name": "wedding-challenge-public",
              "Owner": "TimS"
            },
            "timeouts": null,
            "vpc_id": "vpc-0a7f13da5ed18ca24"
          },
          "sensitive_attributes": [],
          "private": "eyJlMmJmYjczMC1lY2FhLTExZTYtOGY4OC0zNDM2M2JjN2M0YzAiOnsiY3JlYXRlIjozMDAwMDAwMDAwMDAsImRlbGV0ZSI6MzAwMDAwMDAwMDAwLCJ1cGRhdGUiOjEyMDAwMDAwMDAwMH19",
          "dependencies": [
            "data.aws_region.this",
            "module.vpc.aws_vpc.this",
            "module.vpc.aws_vpc_ipv4_cidr_block_association.this"
          ]
        }
      ]
    },
    {
      "module": "module.vpc",
      "mode": "managed",
      "type": "aws_route_table_association",
      "name": "database",
      "provider": "provider[\"registry.terraform.io/hashicorp/aws\"]",
      "instances": [
        {
          "index_key": 0,
          "schema_version": 0,
          "attributes": {
            "gateway_id": "",
            "id": "rtbassoc-0ee3f8024b889e178",
            "route_table_id": "rtb-0cbf9296421283762",
            "subnet_id": "subnet-049e1babc948b80d0",
            "timeouts": null
          },
          "sensitive_attributes": [],
          "private": "eyJlMmJmYjczMC1lY2FhLTExZTYtOGY4OC0zNDM2M2JjN2M0YzAiOnsiY3JlYXRlIjozMDAwMDAwMDAwMDAsImRlbGV0ZSI6MzAwMDAwMDAwMDAwLCJ1cGRhdGUiOjEyMDAwMDAwMDAwMH19",
          "dependencies": [
            "data.aws_region.this",
            "module.vpc.aws_route_table.database",
            "module.vpc.aws_route_table.private",
            "module.vpc.aws_subnet.database",
            "module.vpc.aws_vpc.this",
            "module.vpc.aws_vpc_ipv4_cidr_block_association.this"
          ]
        },
        {
          "index_key": 1,
          "schema_version": 0,
          "attributes": {
            "gateway_id": "",
            "id": "rtbassoc-0c007029a8c12c46b",
            "route_table_id": "rtb-0cbf9296421283762",
            "subnet_id": "subnet-02eceefe4e191b9c6",
            "timeouts": null
          },
          "sensitive_attributes": [],
          "private": "eyJlMmJmYjczMC1lY2FhLTExZTYtOGY4OC0zNDM2M2JjN2M0YzAiOnsiY3JlYXRlIjozMDAwMDAwMDAwMDAsImRlbGV0ZSI6MzAwMDAwMDAwMDAwLCJ1cGRhdGUiOjEyMDAwMDAwMDAwMH19",
          "dependencies": [
            "data.aws_region.this",
            "module.vpc.aws_route_table.database",
            "module.vpc.aws_route_table.private",
            "module.vpc.aws_subnet.database",
            "module.vpc.aws_vpc.this",
            "module.vpc.aws_vpc_ipv4_cidr_block_association.this"
          ]
        },
        {
          "index_key": 2,
          "schema_version": 0,
          "attributes": {
            "gateway_id": "",
            "id": "rtbassoc-0bf125b2b34987b0e",
            "route_table_id": "rtb-0cbf9296421283762",
            "subnet_id": "subnet-0f25f5a51c5069de8",
            "timeouts": null
          },
          "sensitive_attributes": [],
          "private": "eyJlMmJmYjczMC1lY2FhLTExZTYtOGY4OC0zNDM2M2JjN2M0YzAiOnsiY3JlYXRlIjozMDAwMDAwMDAwMDAsImRlbGV0ZSI6MzAwMDAwMDAwMDAwLCJ1cGRhdGUiOjEyMDAwMDAwMDAwMH19",
          "dependencies": [
            "data.aws_region.this",
            "module.vpc.aws_route_table.database",
            "module.vpc.aws_route_table.private",
            "module.vpc.aws_subnet.database",
            "module.vpc.aws_vpc.this",
            "module.vpc.aws_vpc_ipv4_cidr_block_association.this"
          ]
        }
      ]
    },
    {
      "module": "module.vpc",
      "mode": "managed",
      "type": "aws_route_table_association",
      "name": "private",
      "provider": "provider[\"registry.terraform.io/hashicorp/aws\"]",
      "instances": [
        {
          "index_key": 0,
          "schema_version": 0,
          "attributes": {
            "gateway_id": "",
            "id": "rtbassoc-00ec7fa1dcd6756e8",
            "route_table_id": "rtb-0cbf9296421283762",
            "subnet_id": "subnet-068c6c8c6255969c7",
            "timeouts": null
          },
          "sensitive_attributes": [],
          "private": "eyJlMmJmYjczMC1lY2FhLTExZTYtOGY4OC0zNDM2M2JjN2M0YzAiOnsiY3JlYXRlIjozMDAwMDAwMDAwMDAsImRlbGV0ZSI6MzAwMDAwMDAwMDAwLCJ1cGRhdGUiOjEyMDAwMDAwMDAwMH19",
          "dependencies": [
            "data.aws_region.this",
            "module.vpc.aws_route_table.private",
            "module.vpc.aws_subnet.private",
            "module.vpc.aws_vpc.this",
            "module.vpc.aws_vpc_ipv4_cidr_block_association.this"
          ]
        },
        {
          "index_key": 1,
          "schema_version": 0,
          "attributes": {
            "gateway_id": "",
            "id": "rtbassoc-0c6dbbee3b437b3c0",
            "route_table_id": "rtb-0cbf9296421283762",
            "subnet_id": "subnet-03aaea22d2a589671",
            "timeouts": null
          },
          "sensitive_attributes": [],
          "private": "eyJlMmJmYjczMC1lY2FhLTExZTYtOGY4OC0zNDM2M2JjN2M0YzAiOnsiY3JlYXRlIjozMDAwMDAwMDAwMDAsImRlbGV0ZSI6MzAwMDAwMDAwMDAwLCJ1cGRhdGUiOjEyMDAwMDAwMDAwMH19",
          "dependencies": [
            "data.aws_region.this",
            "module.vpc.aws_route_table.private",
            "module.vpc.aws_subnet.private",
            "module.vpc.aws_vpc.this",
            "module.vpc.aws_vpc_ipv4_cidr_block_association.this"
          ]
        },
        {
          "index_key": 2,
          "schema_version": 0,
          "attributes": {
            "gateway_id": "",
            "id": "rtbassoc-0435f89d959d57931",
            "route_table_id": "rtb-0cbf9296421283762",
            "subnet_id": "subnet-070b91b5d241e9780",
            "timeouts": null
          },
          "sensitive_attributes": [],
          "private": "eyJlMmJmYjczMC1lY2FhLTExZTYtOGY4OC0zNDM2M2JjN2M0YzAiOnsiY3JlYXRlIjozMDAwMDAwMDAwMDAsImRlbGV0ZSI6MzAwMDAwMDAwMDAwLCJ1cGRhdGUiOjEyMDAwMDAwMDAwMH19",
          "dependencies": [
            "data.aws_region.this",
            "module.vpc.aws_route_table.private",
            "module.vpc.aws_subnet.private",
            "module.vpc.aws_vpc.this",
            "module.vpc.aws_vpc_ipv4_cidr_block_association.this"
          ]
        }
      ]
    },
    {
      "module": "module.vpc",
      "mode": "managed",
      "type": "aws_route_table_association",
      "name": "public",
      "provider": "provider[\"registry.terraform.io/hashicorp/aws\"]",
      "instances": [
        {
          "index_key": 0,
          "schema_version": 0,
          "attributes": {
            "gateway_id": "",
            "id": "rtbassoc-0e49c6296f9d6fe41",
            "route_table_id": "rtb-04e9a078eb18703b4",
            "subnet_id": "subnet-0af883b133300f2ec",
            "timeouts": null
          },
          "sensitive_attributes": [],
          "private": "eyJlMmJmYjczMC1lY2FhLTExZTYtOGY4OC0zNDM2M2JjN2M0YzAiOnsiY3JlYXRlIjozMDAwMDAwMDAwMDAsImRlbGV0ZSI6MzAwMDAwMDAwMDAwLCJ1cGRhdGUiOjEyMDAwMDAwMDAwMH19",
          "dependencies": [
            "data.aws_region.this",
            "module.vpc.aws_route_table.public",
            "module.vpc.aws_subnet.public",
            "module.vpc.aws_vpc.this",
            "module.vpc.aws_vpc_ipv4_cidr_block_association.this"
          ]
        },
        {
          "index_key": 1,
          "schema_version": 0,
          "attributes": {
            "gateway_id": "",
            "id": "rtbassoc-081cbdd582c97189d",
            "route_table_id": "rtb-04e9a078eb18703b4",
            "subnet_id": "subnet-0b54bece880d09eb9",
            "timeouts": null
          },
          "sensitive_attributes": [],
          "private": "eyJlMmJmYjczMC1lY2FhLTExZTYtOGY4OC0zNDM2M2JjN2M0YzAiOnsiY3JlYXRlIjozMDAwMDAwMDAwMDAsImRlbGV0ZSI6MzAwMDAwMDAwMDAwLCJ1cGRhdGUiOjEyMDAwMDAwMDAwMH19",
          "dependencies": [
            "data.aws_region.this",
            "module.vpc.aws_route_table.public",
            "module.vpc.aws_subnet.public",
            "module.vpc.aws_vpc.this",
            "module.vpc.aws_vpc_ipv4_cidr_block_association.this"
          ]
        },
        {
          "index_key": 2,
          "schema_version": 0,
          "attributes": {
            "gateway_id": "",
            "id": "rtbassoc-0fb836593bcca475c",
            "route_table_id": "rtb-04e9a078eb18703b4",
            "subnet_id": "subnet-02d5774ac3c3209ae",
            "timeouts": null
          },
          "sensitive_attributes": [],
          "private": "eyJlMmJmYjczMC1lY2FhLTExZTYtOGY4OC0zNDM2M2JjN2M0YzAiOnsiY3JlYXRlIjozMDAwMDAwMDAwMDAsImRlbGV0ZSI6MzAwMDAwMDAwMDAwLCJ1cGRhdGUiOjEyMDAwMDAwMDAwMH19",
          "dependencies": [
            "data.aws_region.this",
            "module.vpc.aws_route_table.public",
            "module.vpc.aws_subnet.public",
            "module.vpc.aws_vpc.this",
            "module.vpc.aws_vpc_ipv4_cidr_block_association.this"
          ]
        }
      ]
    },
    {
      "module": "module.vpc",
      "mode": "managed",
      "type": "aws_subnet",
      "name": "database",
      "provider": "provider[\"registry.terraform.io/hashicorp/aws\"]",
      "instances": [
        {
          "index_key": 0,
          "schema_version": 1,
          "attributes": {
            "arn": "arn:aws:ec2:eu-central-1:812958718504:subnet/subnet-049e1babc948b80d0",
            "assign_ipv6_address_on_creation": false,
            "availability_zone": "eu-central-1a",
            "availability_zone_id": "euc1-az2",
            "cidr_block": "10.0.201.0/24",
            "customer_owned_ipv4_pool": "",
            "enable_dns64": false,
            "enable_lni_at_device_index": 0,
            "enable_resource_name_dns_a_record_on_launch": false,
            "enable_resource_name_dns_aaaa_record_on_launch": false,
            "id": "subnet-049e1babc948b80d0",
            "ipv6_cidr_block": "",
            "ipv6_cidr_block_association_id": "",
            "ipv6_native": false,
            "map_customer_owned_ip_on_launch": false,
            "map_public_ip_on_launch": false,
            "outpost_arn": "",
            "owner_id": "812958718504",
            "private_dns_hostname_type_on_launch": "ip-name",
            "tags": {
              "Name": "wedding-challenge-db-eu-central-1a"
            },
            "tags_all": {
              "App": "wedding-challenge",
              "Name": "wedding-challenge-db-eu-central-1a",
              "Owner": "TimS"
            },
            "timeouts": null,
            "vpc_id": "vpc-0a7f13da5ed18ca24"
          },
          "sensitive_attributes": [],
          "private": "eyJlMmJmYjczMC1lY2FhLTExZTYtOGY4OC0zNDM2M2JjN2M0YzAiOnsiY3JlYXRlIjo2MDAwMDAwMDAwMDAsImRlbGV0ZSI6MTIwMDAwMDAwMDAwMH0sInNjaGVtYV92ZXJzaW9uIjoiMSJ9",
          "dependencies": [
            "data.aws_region.this",
            "module.vpc.aws_vpc.this",
            "module.vpc.aws_vpc_ipv4_cidr_block_association.this"
          ]
        },
        {
          "index_key": 1,
          "schema_version": 1,
          "attributes": {
            "arn": "arn:aws:ec2:eu-central-1:812958718504:subnet/subnet-02eceefe4e191b9c6",
            "assign_ipv6_address_on_creation": false,
            "availability_zone": "eu-central-1b",
            "availability_zone_id": "euc1-az3",
            "cidr_block": "10.0.202.0/24",
            "customer_owned_ipv4_pool": "",
            "enable_dns64": false,
            "enable_lni_at_device_index": 0,
            "enable_resource_name_dns_a_record_on_launch": false,
            "enable_resource_name_dns_aaaa_record_on_launch": false,
            "id": "subnet-02eceefe4e191b9c6",
            "ipv6_cidr_block": "",
            "ipv6_cidr_block_association_id": "",
            "ipv6_native": false,
            "map_customer_owned_ip_on_launch": false,
            "map_public_ip_on_launch": false,
            "outpost_arn": "",
            "owner_id": "812958718504",
            "private_dns_hostname_type_on_launch": "ip-name",
            "tags": {
              "Name": "wedding-challenge-db-eu-central-1b"
            },
            "tags_all": {
              "App": "wedding-challenge",
              "Name": "wedding-challenge-db-eu-central-1b",
              "Owner": "TimS"
            },
            "timeouts": null,
            "vpc_id": "vpc-0a7f13da5ed18ca24"
          },
          "sensitive_attributes": [],
          "private": "eyJlMmJmYjczMC1lY2FhLTExZTYtOGY4OC0zNDM2M2JjN2M0YzAiOnsiY3JlYXRlIjo2MDAwMDAwMDAwMDAsImRlbGV0ZSI6MTIwMDAwMDAwMDAwMH0sInNjaGVtYV92ZXJzaW9uIjoiMSJ9",
          "dependencies": [
            "data.aws_region.this",
            "module.vpc.aws_vpc.this",
            "module.vpc.aws_vpc_ipv4_cidr_block_association.this"
          ]
        },
        {
          "index_key": 2,
          "schema_version": 1,
          "attributes": {
            "arn": "arn:aws:ec2:eu-central-1:812958718504:subnet/subnet-0f25f5a51c5069de8",
            "assign_ipv6_address_on_creation": false,
            "availability_zone": "eu-central-1c",
            "availability_zone_id": "euc1-az1",
            "cidr_block": "10.0.203.0/24",
            "customer_owned_ipv4_pool": "",
            "enable_dns64": false,
            "enable_lni_at_device_index": 0,
            "enable_resource_name_dns_a_record_on_launch": false,
            "enable_resource_name_dns_aaaa_record_on_launch": false,
            "id": "subnet-0f25f5a51c5069de8",
            "ipv6_cidr_block": "",
            "ipv6_cidr_block_association_id": "",
            "ipv6_native": false,
            "map_customer_owned_ip_on_launch": false,
            "map_public_ip_on_launch": false,
            "outpost_arn": "",
            "owner_id": "812958718504",
            "private_dns_hostname_type_on_launch": "ip-name",
            "tags": {
              "Name": "wedding-challenge-db-eu-central-1c"
            },
            "tags_all": {
              "App": "wedding-challenge",
              "Name": "wedding-challenge-db-eu-central-1c",
              "Owner": "TimS"
            },
            "timeouts": null,
            "vpc_id": "vpc-0a7f13da5ed18ca24"
          },
          "sensitive_attributes": [],
          "private": "eyJlMmJmYjczMC1lY2FhLTExZTYtOGY4OC0zNDM2M2JjN2M0YzAiOnsiY3JlYXRlIjo2MDAwMDAwMDAwMDAsImRlbGV0ZSI6MTIwMDAwMDAwMDAwMH0sInNjaGVtYV92ZXJzaW9uIjoiMSJ9",
          "dependencies": [
            "data.aws_region.this",
            "module.vpc.aws_vpc.this",
            "module.vpc.aws_vpc_ipv4_cidr_block_association.this"
          ]
        }
      ]
    },
    {
      "module": "module.vpc",
      "mode": "managed",
      "type": "aws_subnet",
      "name": "private",
      "provider": "provider[\"registry.terraform.io/hashicorp/aws\"]",
      "instances": [
        {
          "index_key": 0,
          "schema_version": 1,
          "attributes": {
            "arn": "arn:aws:ec2:eu-central-1:812958718504:subnet/subnet-068c6c8c6255969c7",
            "assign_ipv6_address_on_creation": false,
            "availability_zone": "eu-central-1a",
            "availability_zone_id": "euc1-az2",
            "cidr_block": "10.0.1.0/24",
            "customer_owned_ipv4_pool": "",
            "enable_dns64": false,
            "enable_lni_at_device_index": 0,
            "enable_resource_name_dns_a_record_on_launch": false,
            "enable_resource_name_dns_aaaa_record_on_launch": false,
            "id": "subnet-068c6c8c6255969c7",
            "ipv6_cidr_block": "",
            "ipv6_cidr_block_association_id": "",
            "ipv6_native": false,
            "map_customer_owned_ip_on_launch": false,
            "map_public_ip_on_launch": false,
            "outpost_arn": "",
            "owner_id": "812958718504",
            "private_dns_hostname_type_on_launch": "ip-name",
            "tags": {
              "Name": "wedding-challenge-private-eu-central-1a"
            },
            "tags_all": {
              "App": "wedding-challenge",
              "Name": "wedding-challenge-private-eu-central-1a",
              "Owner": "TimS"
            },
            "timeouts": null,
            "vpc_id": "vpc-0a7f13da5ed18ca24"
          },
          "sensitive_attributes": [],
          "private": "eyJlMmJmYjczMC1lY2FhLTExZTYtOGY4OC0zNDM2M2JjN2M0YzAiOnsiY3JlYXRlIjo2MDAwMDAwMDAwMDAsImRlbGV0ZSI6MTIwMDAwMDAwMDAwMH0sInNjaGVtYV92ZXJzaW9uIjoiMSJ9",
          "dependencies": [
            "data.aws_region.this",
            "module.vpc.aws_vpc.this",
            "module.vpc.aws_vpc_ipv4_cidr_block_association.this"
          ],
          "create_before_destroy": true
        },
        {
          "index_key": 1,
          "schema_version": 1,
          "attributes": {
            "arn": "arn:aws:ec2:eu-central-1:812958718504:subnet/subnet-03aaea22d2a589671",
            "assign_ipv6_address_on_creation": false,
            "availability_zone": "eu-central-1b",
            "availability_zone_id": "euc1-az3",
            "cidr_block": "10.0.2.0/24",
            "customer_owned_ipv4_pool": "",
            "enable_dns64": false,
            "enable_lni_at_device_index": 0,
            "enable_resource_name_dns_a_record_on_launch": false,
            "enable_resource_name_dns_aaaa_record_on_launch": false,
            "id": "subnet-03aaea22d2a589671",
            "ipv6_cidr_block": "",
            "ipv6_cidr_block_association_id": "",
            "ipv6_native": false,
            "map_customer_owned_ip_on_launch": false,
            "map_public_ip_on_launch": false,
            "outpost_arn": "",
            "owner_id": "812958718504",
            "private_dns_hostname_type_on_launch": "ip-name",
            "tags": {
              "Name": "wedding-challenge-private-eu-central-1b"
            },
            "tags_all": {
              "App": "wedding-challenge",
              "Name": "wedding-challenge-private-eu-central-1b",
              "Owner": "TimS"
            },
            "timeouts": null,
            "vpc_id": "vpc-0a7f13da5ed18ca24"
          },
          "sensitive_attributes": [],
          "private": "eyJlMmJmYjczMC1lY2FhLTExZTYtOGY4OC0zNDM2M2JjN2M0YzAiOnsiY3JlYXRlIjo2MDAwMDAwMDAwMDAsImRlbGV0ZSI6MTIwMDAwMDAwMDAwMH0sInNjaGVtYV92ZXJzaW9uIjoiMSJ9",
          "dependencies": [
            "data.aws_region.this",
            "module.vpc.aws_vpc.this",
            "module.vpc.aws_vpc_ipv4_cidr_block_association.this"
          ],
          "create_before_destroy": true
        },
        {
          "index_key": 2,
          "schema_version": 1,
          "attributes": {
            "arn": "arn:aws:ec2:eu-central-1:812958718504:subnet/subnet-070b91b5d241e9780",
            "assign_ipv6_address_on_creation": false,
            "availability_zone": "eu-central-1c",
            "availability_zone_id": "euc1-az1",
            "cidr_block": "10.0.3.0/24",
            "customer_owned_ipv4_pool": "",
            "enable_dns64": false,
            "enable_lni_at_device_index": 0,
            "enable_resource_name_dns_a_record_on_launch": false,
            "enable_resource_name_dns_aaaa_record_on_launch": false,
            "id": "subnet-070b91b5d241e9780",
            "ipv6_cidr_block": "",
            "ipv6_cidr_block_association_id": "",
            "ipv6_native": false,
            "map_customer_owned_ip_on_launch": false,
            "map_public_ip_on_launch": false,
            "outpost_arn": "",
            "owner_id": "812958718504",
            "private_dns_hostname_type_on_launch": "ip-name",
            "tags": {
              "Name": "wedding-challenge-private-eu-central-1c"
            },
            "tags_all": {
              "App": "wedding-challenge",
              "Name": "wedding-challenge-private-eu-central-1c",
              "Owner": "TimS"
            },
            "timeouts": null,
            "vpc_id": "vpc-0a7f13da5ed18ca24"
          },
          "sensitive_attributes": [],
          "private": "eyJlMmJmYjczMC1lY2FhLTExZTYtOGY4OC0zNDM2M2JjN2M0YzAiOnsiY3JlYXRlIjo2MDAwMDAwMDAwMDAsImRlbGV0ZSI6MTIwMDAwMDAwMDAwMH0sInNjaGVtYV92ZXJzaW9uIjoiMSJ9",
          "dependencies": [
            "data.aws_region.this",
            "module.vpc.aws_vpc.this",
            "module.vpc.aws_vpc_ipv4_cidr_block_association.this"
          ],
          "create_before_destroy": true
        }
      ]
    },
    {
      "module": "module.vpc",
      "mode": "managed",
      "type": "aws_subnet",
      "name": "public",
      "provider": "provider[\"registry.terraform.io/hashicorp/aws\"]",
      "instances": [
        {
          "index_key": 0,
          "schema_version": 1,
          "attributes": {
            "arn": "arn:aws:ec2:eu-central-1:812958718504:subnet/subnet-0af883b133300f2ec",
            "assign_ipv6_address_on_creation": false,
            "availability_zone": "eu-central-1a",
            "availability_zone_id": "euc1-az2",
            "cidr_block": "10.0.101.0/24",
            "customer_owned_ipv4_pool": "",
            "enable_dns64": false,
            "enable_lni_at_device_index": 0,
            "enable_resource_name_dns_a_record_on_launch": false,
            "enable_resource_name_dns_aaaa_record_on_launch": false,
            "id": "subnet-0af883b133300f2ec",
            "ipv6_cidr_block": "",
            "ipv6_cidr_block_association_id": "",
            "ipv6_native": false,
            "map_customer_owned_ip_on_launch": false,
            "map_public_ip_on_launch": true,
            "outpost_arn": "",
            "owner_id": "812958718504",
            "private_dns_hostname_type_on_launch": "ip-name",
            "tags": {
              "Name": "wedding-challenge-public-eu-central-1a"
            },
            "tags_all": {
              "App": "wedding-challenge",
              "Name": "wedding-challenge-public-eu-central-1a",
              "Owner": "TimS"
            },
            "timeouts": null,
            "vpc_id": "vpc-0a7f13da5ed18ca24"
          },
          "sensitive_attributes": [],
          "private": "eyJlMmJmYjczMC1lY2FhLTExZTYtOGY4OC0zNDM2M2JjN2M0YzAiOnsiY3JlYXRlIjo2MDAwMDAwMDAwMDAsImRlbGV0ZSI6MTIwMDAwMDAwMDAwMH0sInNjaGVtYV92ZXJzaW9uIjoiMSJ9",
          "dependencies": [
            "data.aws_region.this",
            "module.vpc.aws_vpc.this",
            "module.vpc.aws_vpc_ipv4_cidr_block_association.this"
          ]
        },
        {
          "index_key": 1,
          "schema_version": 1,
          "attributes": {
            "arn": "arn:aws:ec2:eu-central-1:812958718504:subnet/subnet-0b54bece880d09eb9",
            "assign_ipv6_address_on_creation": false,
            "availability_zone": "eu-central-1b",
            "availability_zone_id": "euc1-az3",
            "cidr_block": "10.0.102.0/24",
            "customer_owned_ipv4_pool": "",
            "enable_dns64": false,
            "enable_lni_at_device_index": 0,
            "enable_resource_name_dns_a_record_on_launch": false,
            "enable_resource_name_dns_aaaa_record_on_launch": false,
            "id": "subnet-0b54bece880d09eb9",
            "ipv6_cidr_block": "",
            "ipv6_cidr_block_association_id": "",
            "ipv6_native": false,
            "map_customer_owned_ip_on_launch": false,
            "map_public_ip_on_launch": true,
            "outpost_arn": "",
            "owner_id": "812958718504",
            "private_dns_hostname_type_on_launch": "ip-name",
            "tags": {
              "Name": "wedding-challenge-public-eu-central-1b"
            },
            "tags_all": {
              "App": "wedding-challenge",
              "Name": "wedding-challenge-public-eu-central-1b",
              "Owner": "TimS"
            },
            "timeouts": null,
            "vpc_id": "vpc-0a7f13da5ed18ca24"
          },
          "sensitive_attributes": [],
          "private": "eyJlMmJmYjczMC1lY2FhLTExZTYtOGY4OC0zNDM2M2JjN2M0YzAiOnsiY3JlYXRlIjo2MDAwMDAwMDAwMDAsImRlbGV0ZSI6MTIwMDAwMDAwMDAwMH0sInNjaGVtYV92ZXJzaW9uIjoiMSJ9",
          "dependencies": [
            "data.aws_region.this",
            "module.vpc.aws_vpc.this",
            "module.vpc.aws_vpc_ipv4_cidr_block_association.this"
          ]
        },
        {
          "index_key": 2,
          "schema_version": 1,
          "attributes": {
            "arn": "arn:aws:ec2:eu-central-1:812958718504:subnet/subnet-02d5774ac3c3209ae",
            "assign_ipv6_address_on_creation": false,
            "availability_zone": "eu-central-1c",
            "availability_zone_id": "euc1-az1",
            "cidr_block": "10.0.103.0/24",
            "customer_owned_ipv4_pool": "",
            "enable_dns64": false,
            "enable_lni_at_device_index": 0,
            "enable_resource_name_dns_a_record_on_launch": false,
            "enable_resource_name_dns_aaaa_record_on_launch": false,
            "id": "subnet-02d5774ac3c3209ae",
            "ipv6_cidr_block": "",
            "ipv6_cidr_block_association_id": "",
            "ipv6_native": false,
            "map_customer_owned_ip_on_launch": false,
            "map_public_ip_on_launch": true,
            "outpost_arn": "",
            "owner_id": "812958718504",
            "private_dns_hostname_type_on_launch": "ip-name",
            "tags": {
              "Name": "wedding-challenge-public-eu-central-1c"
            },
            "tags_all": {
              "App": "wedding-challenge",
              "Name": "wedding-challenge-public-eu-central-1c",
              "Owner": "TimS"
            },
            "timeouts": null,
            "vpc_id": "vpc-0a7f13da5ed18ca24"
          },
          "sensitive_attributes": [],
          "private": "eyJlMmJmYjczMC1lY2FhLTExZTYtOGY4OC0zNDM2M2JjN2M0YzAiOnsiY3JlYXRlIjo2MDAwMDAwMDAwMDAsImRlbGV0ZSI6MTIwMDAwMDAwMDAwMH0sInNjaGVtYV92ZXJzaW9uIjoiMSJ9",
          "dependencies": [
            "data.aws_region.this",
            "module.vpc.aws_vpc.this",
            "module.vpc.aws_vpc_ipv4_cidr_block_association.this"
          ]
        }
      ]
    },
    {
      "module": "module.vpc",
      "mode": "managed",
      "type": "aws_vpc",
      "name": "this",
      "provider": "provider[\"registry.terraform.io/hashicorp/aws\"]",
      "instances": [
        {
          "index_key": 0,
          "schema_version": 1,
          "attributes": {
            "arn": "arn:aws:ec2:eu-central-1:812958718504:vpc/vpc-0a7f13da5ed18ca24",
            "assign_generated_ipv6_cidr_block": false,
            "cidr_block": "10.0.0.0/16",
            "default_network_acl_id": "acl-0de4ecda99e84f860",
            "default_route_table_id": "rtb-0d7c92f97ec5ed215",
            "default_security_group_id": "sg-059b883481fe6aedd",
            "dhcp_options_id": "dopt-01b07ea4bab82833f",
            "enable_dns_hostnames": true,
            "enable_dns_support": true,
            "enable_network_address_usage_metrics": false,
            "id": "vpc-0a7f13da5ed18ca24",
            "instance_tenancy": "default",
            "ipv4_ipam_pool_id": null,
            "ipv4_netmask_length": null,
            "ipv6_association_id": "",
            "ipv6_cidr_block": "",
            "ipv6_cidr_block_network_border_group": "",
            "ipv6_ipam_pool_id": "",
            "ipv6_netmask_length": 0,
            "main_route_table_id": "rtb-0d7c92f97ec5ed215",
            "owner_id": "812958718504",
            "tags": {
              "Name": "wedding-challenge"
            },
            "tags_all": {
              "App": "wedding-challenge",
              "Name": "wedding-challenge",
              "Owner": "TimS"
            }
          },
          "sensitive_attributes": [],
          "private": "eyJzY2hlbWFfdmVyc2lvbiI6IjEifQ==",
          "create_before_destroy": true
        }
      ]
    }
  ],
  "check_results": null
}
